// !$*UTF8*$!
{
	archiveVersion = 1;
	classes = {
	};
	objectVersion = 60;
	objects = {

/* Begin PBXBuildFile section */
		EE03A6F82BC9D75600D649E1 /* AlgoliaItem.swift in Sources */ = {isa = PBXBuildFile; fileRef = EE03A6F72BC9D75600D649E1 /* AlgoliaItem.swift */; };
		EE03A70B2BD5A6A000D649E1 /* Comment.swift in Sources */ = {isa = PBXBuildFile; fileRef = EE03A70A2BD5A6A000D649E1 /* Comment.swift */; };
		EE0F941E2B893A1E00108223 /* String+Extensions.swift in Sources */ = {isa = PBXBuildFile; fileRef = EE0F941D2B893A1E00108223 /* String+Extensions.swift */; };
		EE14E4B32B8D578900AD5AE1 /* AlertViewModal.swift in Sources */ = {isa = PBXBuildFile; fileRef = EE14E4B22B8D578900AD5AE1 /* AlertViewModal.swift */; };
		EE14E4B52B8E887A00AD5AE1 /* SwiftUI+Extensions.swift in Sources */ = {isa = PBXBuildFile; fileRef = EE14E4B42B8E887A00AD5AE1 /* SwiftUI+Extensions.swift */; };
		EE27CD122C0D0AF50032988C /* If+Extensions.swift in Sources */ = {isa = PBXBuildFile; fileRef = EE27CD112C0D0AF50032988C /* If+Extensions.swift */; };
		EE27CD152C0D19960032988C /* Clamping+PropertyWrapper.swift in Sources */ = {isa = PBXBuildFile; fileRef = EE27CD142C0D19960032988C /* Clamping+PropertyWrapper.swift */; };
		EE27CD172C10E9EF0032988C /* ModelContainerPreview.swift in Sources */ = {isa = PBXBuildFile; fileRef = EE27CD162C10E9EF0032988C /* ModelContainerPreview.swift */; };
		EE40DE8C2C07B5B60009BA62 /* PostWithComments.json in Resources */ = {isa = PBXBuildFile; fileRef = EE40DE8B2C07B5B60009BA62 /* PostWithComments.json */; };
		EE40DE902C07BACB0009BA62 /* CommentListLoadedView.swift in Sources */ = {isa = PBXBuildFile; fileRef = EE40DE8F2C07BACB0009BA62 /* CommentListLoadedView.swift */; };
		EE40DE922C07C5080009BA62 /* PostPreview.swift in Sources */ = {isa = PBXBuildFile; fileRef = EE40DE912C07C5080009BA62 /* PostPreview.swift */; };
		EE40DE942C07CCC00009BA62 /* DateFormatter+Extensions.swift in Sources */ = {isa = PBXBuildFile; fileRef = EE40DE932C07CCC00009BA62 /* DateFormatter+Extensions.swift */; };
		EE4231372C277E4C005291BA /* AlertToast in Frameworks */ = {isa = PBXBuildFile; productRef = EE4231362C277E4C005291BA /* AlertToast */; };
		EE4231392C277FFE005291BA /* Alamofire in Frameworks */ = {isa = PBXBuildFile; productRef = EE4231382C277FFE005291BA /* Alamofire */; };
		EE71E3C02C28D02900F8C68D /* TextBlockView.swift in Sources */ = {isa = PBXBuildFile; fileRef = EE71E3BF2C28D02900F8C68D /* TextBlockView.swift */; };
		EE77BBD22A8AC9F400880625 /* WebViewWrapper.swift in Sources */ = {isa = PBXBuildFile; fileRef = EE77BBD12A8AC9F400880625 /* WebViewWrapper.swift */; };
		EE77BBD52A8AD14B00880625 /* PostFavicon.swift in Sources */ = {isa = PBXBuildFile; fileRef = EE77BBD42A8AD14B00880625 /* PostFavicon.swift */; };
		EE77BBD72A8AD97E00880625 /* PostPrimaryLabel.swift in Sources */ = {isa = PBXBuildFile; fileRef = EE77BBD62A8AD97E00880625 /* PostPrimaryLabel.swift */; };
		EE77BBD92A8ADB2900880625 /* PostSecondaryLabel.swift in Sources */ = {isa = PBXBuildFile; fileRef = EE77BBD82A8ADB2900880625 /* PostSecondaryLabel.swift */; };
		EE79362D2B8C03FC00959398 /* SecondaryInfoLabel.swift in Sources */ = {isa = PBXBuildFile; fileRef = EE79362C2B8C03FC00959398 /* SecondaryInfoLabel.swift */; };
		EE85BB142A8C0CC600ACF5F3 /* URL+Extensions.swift in Sources */ = {isa = PBXBuildFile; fileRef = EE85BB132A8C0CC600ACF5F3 /* URL+Extensions.swift */; };
		EE85BB172A8C0DF900ACF5F3 /* DomainParser in Frameworks */ = {isa = PBXBuildFile; productRef = EE85BB162A8C0DF900ACF5F3 /* DomainParser */; };
		EE88762D2B82B9BB0053633E /* LICENSE.md in Resources */ = {isa = PBXBuildFile; fileRef = EE8876262B82B9BB0053633E /* LICENSE.md */; };
		EE9727EC2BC7352400240EDF /* Errors.swift in Sources */ = {isa = PBXBuildFile; fileRef = EE9727E02BC7352400240EDF /* Errors.swift */; };
		EE9727ED2BC7352400240EDF /* ViewModel.swift in Sources */ = {isa = PBXBuildFile; fileRef = EE9727E12BC7352400240EDF /* ViewModel.swift */; };
		EE9727EE2BC7352400240EDF /* Constants.swift in Sources */ = {isa = PBXBuildFile; fileRef = EE9727E22BC7352400240EDF /* Constants.swift */; };
		EE9727F02BC7352400240EDF /* HNStoriesList.swift in Sources */ = {isa = PBXBuildFile; fileRef = EE9727E52BC7352400240EDF /* HNStoriesList.swift */; };
		EE9727F12BC7352400240EDF /* AngoliaStoriesResults.swift in Sources */ = {isa = PBXBuildFile; fileRef = EE9727E62BC7352400240EDF /* AngoliaStoriesResults.swift */; };
		EE9727F22BC7352400240EDF /* Post.swift in Sources */ = {isa = PBXBuildFile; fileRef = EE9727E82BC7352400240EDF /* Post.swift */; };
		EE9727F32BC7352400240EDF /* Post+AngoliaSearchResults.swift in Sources */ = {isa = PBXBuildFile; fileRef = EE9727EB2BC7352400240EDF /* Post+AngoliaSearchResults.swift */; };
		EE9727F62BC7380800240EDF /* OrderedCollections in Frameworks */ = {isa = PBXBuildFile; productRef = EE9727F52BC7380800240EDF /* OrderedCollections */; };
		EE9727F92BC7384000240EDF /* ItemFetcher.swift in Sources */ = {isa = PBXBuildFile; fileRef = EE9727F82BC7384000240EDF /* ItemFetcher.swift */; };
		EE9727FC2BC73B1D00240EDF /* ModelContext+SQLite.swift in Sources */ = {isa = PBXBuildFile; fileRef = EE9727FB2BC73B1D00240EDF /* ModelContext+SQLite.swift */; };
		EEAE2B012B9E526B00E4A9A7 /* CommentIndentViewModifier.swift in Sources */ = {isa = PBXBuildFile; fileRef = EEAE2B002B9E526B00E4A9A7 /* CommentIndentViewModifier.swift */; };
		EEAE2B032B9E52F300E4A9A7 /* CommentCell.swift in Sources */ = {isa = PBXBuildFile; fileRef = EEAE2B022B9E52F300E4A9A7 /* CommentCell.swift */; };
		EEAE2B062BA0ED0900E4A9A7 /* FaviconLoaderViewModel.swift in Sources */ = {isa = PBXBuildFile; fileRef = EEAE2B052BA0ED0900E4A9A7 /* FaviconLoaderViewModel.swift */; };
		EEC77FB02C24A26E008531F1 /* MarkdownifyHTML in Frameworks */ = {isa = PBXBuildFile; productRef = EEC77FAF2C24A26E008531F1 /* MarkdownifyHTML */; };
		EEC8B9D12A880A280088B6E9 /* HermesApp.swift in Sources */ = {isa = PBXBuildFile; fileRef = EEC8B9D02A880A280088B6E9 /* HermesApp.swift */; };
		EEC8B9D52A880A310088B6E9 /* Assets.xcassets in Resources */ = {isa = PBXBuildFile; fileRef = EEC8B9D42A880A310088B6E9 /* Assets.xcassets */; };
		EEC8B9D82A880A310088B6E9 /* Preview Assets.xcassets in Resources */ = {isa = PBXBuildFile; fileRef = EEC8B9D72A880A310088B6E9 /* Preview Assets.xcassets */; };
		EEC8B9E22A880A320088B6E9 /* HermesTests.swift in Sources */ = {isa = PBXBuildFile; fileRef = EEC8B9E12A880A320088B6E9 /* HermesTests.swift */; };
		EEC8B9EC2A880A320088B6E9 /* HermesUITests.swift in Sources */ = {isa = PBXBuildFile; fileRef = EEC8B9EB2A880A320088B6E9 /* HermesUITests.swift */; };
		EEC8B9EE2A880A320088B6E9 /* HermesUITestsLaunchTests.swift in Sources */ = {isa = PBXBuildFile; fileRef = EEC8B9ED2A880A320088B6E9 /* HermesUITestsLaunchTests.swift */; };
		EEC8BA122A8814520088B6E9 /* Sequence+Extensions.swift in Sources */ = {isa = PBXBuildFile; fileRef = EEC8BA102A8814520088B6E9 /* Sequence+Extensions.swift */; };
		EEC8BA1B2A8814830088B6E9 /* ProfileView.swift in Sources */ = {isa = PBXBuildFile; fileRef = EEC8BA182A8814830088B6E9 /* ProfileView.swift */; };
		EEC8BA1D2A8814830088B6E9 /* SettingsView.swift in Sources */ = {isa = PBXBuildFile; fileRef = EEC8BA1A2A8814830088B6E9 /* SettingsView.swift */; };
		EEC8BA1F2A8814880088B6E9 /* InboxView.swift in Sources */ = {isa = PBXBuildFile; fileRef = EEC8BA1E2A8814880088B6E9 /* InboxView.swift */; };
		EEC8BA212A8814CA0088B6E9 /* RootView.swift in Sources */ = {isa = PBXBuildFile; fileRef = EEC8BA202A8814CA0088B6E9 /* RootView.swift */; };
		EEC8BA262A8814E10088B6E9 /* PostText.swift in Sources */ = {isa = PBXBuildFile; fileRef = EEC8BA222A8814E10088B6E9 /* PostText.swift */; };
		EEC8BA282A8814E10088B6E9 /* PostCell.swift in Sources */ = {isa = PBXBuildFile; fileRef = EEC8BA242A8814E10088B6E9 /* PostCell.swift */; };
		EEC8BA2D2A8814E70088B6E9 /* CommentThread.swift in Sources */ = {isa = PBXBuildFile; fileRef = EEC8BA2A2A8814E70088B6E9 /* CommentThread.swift */; };
		EEC8BA2F2A8814E70088B6E9 /* CommentListView.swift in Sources */ = {isa = PBXBuildFile; fileRef = EEC8BA2C2A8814E70088B6E9 /* CommentListView.swift */; };
		EEC8BA412A8816100088B6E9 /* FaviconFinder in Frameworks */ = {isa = PBXBuildFile; productRef = EEC8BA402A8816100088B6E9 /* FaviconFinder */; };
		EEC8BA482A88191E0088B6E9 /* TestData.swift in Sources */ = {isa = PBXBuildFile; fileRef = EEC8BA472A88191E0088B6E9 /* TestData.swift */; };
		EECA35B42C0270B800166D38 /* AlgoliaCommentsViewModel.swift in Sources */ = {isa = PBXBuildFile; fileRef = EECA35B32C0270B800166D38 /* AlgoliaCommentsViewModel.swift */; };
		EECA35B62C02714200166D38 /* LoadableItem.swift in Sources */ = {isa = PBXBuildFile; fileRef = EECA35B52C02714200166D38 /* LoadableItem.swift */; };
		EEE021482A881E58003676E6 /* GoogleService-Info.plist in Resources */ = {isa = PBXBuildFile; fileRef = EEE021472A881E58003676E6 /* GoogleService-Info.plist */; };
		EEEA19A42BB6127200654F56 /* PostTabView.swift in Sources */ = {isa = PBXBuildFile; fileRef = EEEA19A32BB6127200654F56 /* PostTabView.swift */; };
/* End PBXBuildFile section */

/* Begin PBXContainerItemProxy section */
		EEC8B9DE2A880A320088B6E9 /* PBXContainerItemProxy */ = {
			isa = PBXContainerItemProxy;
			containerPortal = EEC8B9C52A880A280088B6E9 /* Project object */;
			proxyType = 1;
			remoteGlobalIDString = EEC8B9CC2A880A280088B6E9;
			remoteInfo = Hermes;
		};
		EEC8B9E82A880A320088B6E9 /* PBXContainerItemProxy */ = {
			isa = PBXContainerItemProxy;
			containerPortal = EEC8B9C52A880A280088B6E9 /* Project object */;
			proxyType = 1;
			remoteGlobalIDString = EEC8B9CC2A880A280088B6E9;
			remoteInfo = Hermes;
		};
/* End PBXContainerItemProxy section */

/* Begin PBXFileReference section */
		EE03A6F72BC9D75600D649E1 /* AlgoliaItem.swift */ = {isa = PBXFileReference; fileEncoding = 4; lastKnownFileType = sourcecode.swift; path = AlgoliaItem.swift; sourceTree = "<group>"; };
		EE03A70A2BD5A6A000D649E1 /* Comment.swift */ = {isa = PBXFileReference; fileEncoding = 4; lastKnownFileType = sourcecode.swift; path = Comment.swift; sourceTree = "<group>"; };
		EE0F941D2B893A1E00108223 /* String+Extensions.swift */ = {isa = PBXFileReference; lastKnownFileType = sourcecode.swift; path = "String+Extensions.swift"; sourceTree = "<group>"; };
		EE14E4B22B8D578900AD5AE1 /* AlertViewModal.swift */ = {isa = PBXFileReference; lastKnownFileType = sourcecode.swift; path = AlertViewModal.swift; sourceTree = "<group>"; };
		EE14E4B42B8E887A00AD5AE1 /* SwiftUI+Extensions.swift */ = {isa = PBXFileReference; lastKnownFileType = sourcecode.swift; path = "SwiftUI+Extensions.swift"; sourceTree = "<group>"; };
		EE27CD112C0D0AF50032988C /* If+Extensions.swift */ = {isa = PBXFileReference; lastKnownFileType = sourcecode.swift; path = "If+Extensions.swift"; sourceTree = "<group>"; };
		EE27CD142C0D19960032988C /* Clamping+PropertyWrapper.swift */ = {isa = PBXFileReference; lastKnownFileType = sourcecode.swift; path = "Clamping+PropertyWrapper.swift"; sourceTree = "<group>"; };
		EE27CD162C10E9EF0032988C /* ModelContainerPreview.swift */ = {isa = PBXFileReference; lastKnownFileType = sourcecode.swift; path = ModelContainerPreview.swift; sourceTree = "<group>"; };
		EE40DE8B2C07B5B60009BA62 /* PostWithComments.json */ = {isa = PBXFileReference; lastKnownFileType = text.json; path = PostWithComments.json; sourceTree = "<group>"; };
		EE40DE8F2C07BACB0009BA62 /* CommentListLoadedView.swift */ = {isa = PBXFileReference; lastKnownFileType = sourcecode.swift; path = CommentListLoadedView.swift; sourceTree = "<group>"; };
		EE40DE912C07C5080009BA62 /* PostPreview.swift */ = {isa = PBXFileReference; lastKnownFileType = sourcecode.swift; path = PostPreview.swift; sourceTree = "<group>"; };
		EE40DE932C07CCC00009BA62 /* DateFormatter+Extensions.swift */ = {isa = PBXFileReference; lastKnownFileType = sourcecode.swift; path = "DateFormatter+Extensions.swift"; sourceTree = "<group>"; };
		EE71E3BF2C28D02900F8C68D /* TextBlockView.swift */ = {isa = PBXFileReference; lastKnownFileType = sourcecode.swift; path = TextBlockView.swift; sourceTree = "<group>"; };
		EE77BBD12A8AC9F400880625 /* WebViewWrapper.swift */ = {isa = PBXFileReference; lastKnownFileType = sourcecode.swift; path = WebViewWrapper.swift; sourceTree = "<group>"; };
		EE77BBD42A8AD14B00880625 /* PostFavicon.swift */ = {isa = PBXFileReference; lastKnownFileType = sourcecode.swift; path = PostFavicon.swift; sourceTree = "<group>"; };
		EE77BBD62A8AD97E00880625 /* PostPrimaryLabel.swift */ = {isa = PBXFileReference; lastKnownFileType = sourcecode.swift; path = PostPrimaryLabel.swift; sourceTree = "<group>"; };
		EE77BBD82A8ADB2900880625 /* PostSecondaryLabel.swift */ = {isa = PBXFileReference; lastKnownFileType = sourcecode.swift; path = PostSecondaryLabel.swift; sourceTree = "<group>"; };
		EE79362C2B8C03FC00959398 /* SecondaryInfoLabel.swift */ = {isa = PBXFileReference; lastKnownFileType = sourcecode.swift; path = SecondaryInfoLabel.swift; sourceTree = "<group>"; };
		EE85BB132A8C0CC600ACF5F3 /* URL+Extensions.swift */ = {isa = PBXFileReference; lastKnownFileType = sourcecode.swift; path = "URL+Extensions.swift"; sourceTree = "<group>"; };
		EE8876232B82B9BB0053633E /* Package.resolved */ = {isa = PBXFileReference; fileEncoding = 4; lastKnownFileType = text; path = Package.resolved; sourceTree = "<group>"; };
		EE8876242B82B9BB0053633E /* README.md */ = {isa = PBXFileReference; fileEncoding = 4; lastKnownFileType = net.daringfireball.markdown; path = README.md; sourceTree = "<group>"; };
		EE8876262B82B9BB0053633E /* LICENSE.md */ = {isa = PBXFileReference; fileEncoding = 4; lastKnownFileType = net.daringfireball.markdown; path = LICENSE.md; sourceTree = "<group>"; };
		EE9727E02BC7352400240EDF /* Errors.swift */ = {isa = PBXFileReference; fileEncoding = 4; lastKnownFileType = sourcecode.swift; path = Errors.swift; sourceTree = "<group>"; };
		EE9727E12BC7352400240EDF /* ViewModel.swift */ = {isa = PBXFileReference; fileEncoding = 4; lastKnownFileType = sourcecode.swift; path = ViewModel.swift; sourceTree = "<group>"; };
		EE9727E22BC7352400240EDF /* Constants.swift */ = {isa = PBXFileReference; fileEncoding = 4; lastKnownFileType = sourcecode.swift; path = Constants.swift; sourceTree = "<group>"; };
		EE9727E52BC7352400240EDF /* HNStoriesList.swift */ = {isa = PBXFileReference; fileEncoding = 4; lastKnownFileType = sourcecode.swift; path = HNStoriesList.swift; sourceTree = "<group>"; };
		EE9727E62BC7352400240EDF /* AngoliaStoriesResults.swift */ = {isa = PBXFileReference; fileEncoding = 4; lastKnownFileType = sourcecode.swift; path = AngoliaStoriesResults.swift; sourceTree = "<group>"; };
		EE9727E82BC7352400240EDF /* Post.swift */ = {isa = PBXFileReference; fileEncoding = 4; lastKnownFileType = sourcecode.swift; path = Post.swift; sourceTree = "<group>"; };
		EE9727EB2BC7352400240EDF /* Post+AngoliaSearchResults.swift */ = {isa = PBXFileReference; fileEncoding = 4; lastKnownFileType = sourcecode.swift; path = "Post+AngoliaSearchResults.swift"; sourceTree = "<group>"; };
		EE9727F82BC7384000240EDF /* ItemFetcher.swift */ = {isa = PBXFileReference; lastKnownFileType = sourcecode.swift; path = ItemFetcher.swift; sourceTree = "<group>"; };
		EE9727FB2BC73B1D00240EDF /* ModelContext+SQLite.swift */ = {isa = PBXFileReference; lastKnownFileType = sourcecode.swift; path = "ModelContext+SQLite.swift"; sourceTree = "<group>"; };
		EEAE2B002B9E526B00E4A9A7 /* CommentIndentViewModifier.swift */ = {isa = PBXFileReference; lastKnownFileType = sourcecode.swift; path = CommentIndentViewModifier.swift; sourceTree = "<group>"; };
		EEAE2B022B9E52F300E4A9A7 /* CommentCell.swift */ = {isa = PBXFileReference; lastKnownFileType = sourcecode.swift; path = CommentCell.swift; sourceTree = "<group>"; };
		EEAE2B052BA0ED0900E4A9A7 /* FaviconLoaderViewModel.swift */ = {isa = PBXFileReference; lastKnownFileType = sourcecode.swift; path = FaviconLoaderViewModel.swift; sourceTree = "<group>"; };
		EEC77FAE2C24A261008531F1 /* MarkdownifyHTML */ = {isa = PBXFileReference; lastKnownFileType = wrapper; path = MarkdownifyHTML; sourceTree = "<group>"; };
		EEC7D1CB2C262A9E00B0226F /* Unit Tests.xctestplan */ = {isa = PBXFileReference; lastKnownFileType = text; name = "Unit Tests.xctestplan"; path = "MarkdownifyHTML/Tests/MarkdownifyHTMLTests/Unit Tests.xctestplan"; sourceTree = "<group>"; };
		EEC8B9CD2A880A280088B6E9 /* Hermes.app */ = {isa = PBXFileReference; explicitFileType = wrapper.application; includeInIndex = 0; path = Hermes.app; sourceTree = BUILT_PRODUCTS_DIR; };
		EEC8B9D02A880A280088B6E9 /* HermesApp.swift */ = {isa = PBXFileReference; lastKnownFileType = sourcecode.swift; path = HermesApp.swift; sourceTree = "<group>"; };
		EEC8B9D42A880A310088B6E9 /* Assets.xcassets */ = {isa = PBXFileReference; lastKnownFileType = folder.assetcatalog; path = Assets.xcassets; sourceTree = "<group>"; };
		EEC8B9D72A880A310088B6E9 /* Preview Assets.xcassets */ = {isa = PBXFileReference; lastKnownFileType = folder.assetcatalog; path = "Preview Assets.xcassets"; sourceTree = "<group>"; };
		EEC8B9DD2A880A320088B6E9 /* HermesTests.xctest */ = {isa = PBXFileReference; explicitFileType = wrapper.cfbundle; includeInIndex = 0; path = HermesTests.xctest; sourceTree = BUILT_PRODUCTS_DIR; };
		EEC8B9E12A880A320088B6E9 /* HermesTests.swift */ = {isa = PBXFileReference; lastKnownFileType = sourcecode.swift; path = HermesTests.swift; sourceTree = "<group>"; };
		EEC8B9E72A880A320088B6E9 /* HermesUITests.xctest */ = {isa = PBXFileReference; explicitFileType = wrapper.cfbundle; includeInIndex = 0; path = HermesUITests.xctest; sourceTree = BUILT_PRODUCTS_DIR; };
		EEC8B9EB2A880A320088B6E9 /* HermesUITests.swift */ = {isa = PBXFileReference; lastKnownFileType = sourcecode.swift; path = HermesUITests.swift; sourceTree = "<group>"; };
		EEC8B9ED2A880A320088B6E9 /* HermesUITestsLaunchTests.swift */ = {isa = PBXFileReference; lastKnownFileType = sourcecode.swift; path = HermesUITestsLaunchTests.swift; sourceTree = "<group>"; };
		EEC8BA102A8814520088B6E9 /* Sequence+Extensions.swift */ = {isa = PBXFileReference; fileEncoding = 4; lastKnownFileType = sourcecode.swift; path = "Sequence+Extensions.swift"; sourceTree = "<group>"; };
		EEC8BA182A8814830088B6E9 /* ProfileView.swift */ = {isa = PBXFileReference; fileEncoding = 4; lastKnownFileType = sourcecode.swift; path = ProfileView.swift; sourceTree = "<group>"; };
		EEC8BA1A2A8814830088B6E9 /* SettingsView.swift */ = {isa = PBXFileReference; fileEncoding = 4; lastKnownFileType = sourcecode.swift; path = SettingsView.swift; sourceTree = "<group>"; };
		EEC8BA1E2A8814880088B6E9 /* InboxView.swift */ = {isa = PBXFileReference; fileEncoding = 4; lastKnownFileType = sourcecode.swift; path = InboxView.swift; sourceTree = "<group>"; };
		EEC8BA202A8814CA0088B6E9 /* RootView.swift */ = {isa = PBXFileReference; fileEncoding = 4; lastKnownFileType = sourcecode.swift; path = RootView.swift; sourceTree = "<group>"; };
		EEC8BA222A8814E10088B6E9 /* PostText.swift */ = {isa = PBXFileReference; fileEncoding = 4; lastKnownFileType = sourcecode.swift; path = PostText.swift; sourceTree = "<group>"; };
		EEC8BA242A8814E10088B6E9 /* PostCell.swift */ = {isa = PBXFileReference; fileEncoding = 4; lastKnownFileType = sourcecode.swift; path = PostCell.swift; sourceTree = "<group>"; };
		EEC8BA2A2A8814E70088B6E9 /* CommentThread.swift */ = {isa = PBXFileReference; fileEncoding = 4; lastKnownFileType = sourcecode.swift; path = CommentThread.swift; sourceTree = "<group>"; };
		EEC8BA2C2A8814E70088B6E9 /* CommentListView.swift */ = {isa = PBXFileReference; fileEncoding = 4; lastKnownFileType = sourcecode.swift; path = CommentListView.swift; sourceTree = "<group>"; };
		EEC8BA342A8815460088B6E9 /* README.md */ = {isa = PBXFileReference; fileEncoding = 4; lastKnownFileType = net.daringfireball.markdown; path = README.md; sourceTree = "<group>"; };
		EEC8BA362A8815480088B6E9 /* LICENSE.md */ = {isa = PBXFileReference; fileEncoding = 4; lastKnownFileType = net.daringfireball.markdown; path = LICENSE.md; sourceTree = "<group>"; };
		EEC8BA382A88154C0088B6E9 /* .swiftlint.yml */ = {isa = PBXFileReference; fileEncoding = 4; lastKnownFileType = text.yaml; path = .swiftlint.yml; sourceTree = "<group>"; };
		EEC8BA3A2A8815500088B6E9 /* .gitignore */ = {isa = PBXFileReference; fileEncoding = 4; lastKnownFileType = text; path = .gitignore; sourceTree = "<group>"; };
		EEC8BA472A88191E0088B6E9 /* TestData.swift */ = {isa = PBXFileReference; fileEncoding = 4; lastKnownFileType = sourcecode.swift; path = TestData.swift; sourceTree = "<group>"; };
		EECA35B32C0270B800166D38 /* AlgoliaCommentsViewModel.swift */ = {isa = PBXFileReference; lastKnownFileType = sourcecode.swift; path = AlgoliaCommentsViewModel.swift; sourceTree = "<group>"; };
		EECA35B52C02714200166D38 /* LoadableItem.swift */ = {isa = PBXFileReference; lastKnownFileType = sourcecode.swift; path = LoadableItem.swift; sourceTree = "<group>"; };
		EED148782A88247A001FA326 /* .swift-version */ = {isa = PBXFileReference; lastKnownFileType = text; path = ".swift-version"; sourceTree = "<group>"; };
		EED1487F2A89A578001FA326 /* Info.plist */ = {isa = PBXFileReference; fileEncoding = 4; lastKnownFileType = text.plist.xml; path = Info.plist; sourceTree = "<group>"; };
		EEE021472A881E58003676E6 /* GoogleService-Info.plist */ = {isa = PBXFileReference; fileEncoding = 4; lastKnownFileType = text.plist.xml; path = "GoogleService-Info.plist"; sourceTree = "<group>"; };
		EEEA19A32BB6127200654F56 /* PostTabView.swift */ = {isa = PBXFileReference; lastKnownFileType = sourcecode.swift; path = PostTabView.swift; sourceTree = "<group>"; };
		EEED0AAF2B9D33FA00BB27C0 /* Foundation.framework */ = {isa = PBXFileReference; lastKnownFileType = wrapper.framework; name = Foundation.framework; path = System/Library/Frameworks/Foundation.framework; sourceTree = SDKROOT; };
/* End PBXFileReference section */

/* Begin PBXFrameworksBuildPhase section */
		EEC8B9CA2A880A280088B6E9 /* Frameworks */ = {
			isa = PBXFrameworksBuildPhase;
			buildActionMask = 2147483647;
			files = (
				EE85BB172A8C0DF900ACF5F3 /* DomainParser in Frameworks */,
				EE9727F62BC7380800240EDF /* OrderedCollections in Frameworks */,
				EEC77FB02C24A26E008531F1 /* MarkdownifyHTML in Frameworks */,
				EE4231392C277FFE005291BA /* Alamofire in Frameworks */,
				EE4231372C277E4C005291BA /* AlertToast in Frameworks */,
				EEC8BA412A8816100088B6E9 /* FaviconFinder in Frameworks */,
			);
			runOnlyForDeploymentPostprocessing = 0;
		};
		EEC8B9DA2A880A320088B6E9 /* Frameworks */ = {
			isa = PBXFrameworksBuildPhase;
			buildActionMask = 2147483647;
			files = (
			);
			runOnlyForDeploymentPostprocessing = 0;
		};
		EEC8B9E42A880A320088B6E9 /* Frameworks */ = {
			isa = PBXFrameworksBuildPhase;
			buildActionMask = 2147483647;
			files = (
			);
			runOnlyForDeploymentPostprocessing = 0;
		};
/* End PBXFrameworksBuildPhase section */

/* Begin PBXGroup section */
		EE102A3A2ACCB90300C28F80 /* Cell */ = {
			isa = PBXGroup;
			children = (
				EE77BBD32A8AD12D00880625 /* CellSections */,
				EEC8BA242A8814E10088B6E9 /* PostCell.swift */,
				EEC8BA222A8814E10088B6E9 /* PostText.swift */,
			);
			path = Cell;
			sourceTree = "<group>";
		};
		EE27CD102C0D0AD90032988C /* Extensions */ = {
			isa = PBXGroup;
			children = (
				EE27CD112C0D0AF50032988C /* If+Extensions.swift */,
			);
			path = Extensions;
			sourceTree = "<group>";
		};
		EE27CD132C0D18F20032988C /* Helpers */ = {
			isa = PBXGroup;
			children = (
				EE27CD142C0D19960032988C /* Clamping+PropertyWrapper.swift */,
			);
			path = Helpers;
			sourceTree = "<group>";
		};
		EE40DE8A2C07B5990009BA62 /* Resources */ = {
			isa = PBXGroup;
			children = (
				EE40DE8B2C07B5B60009BA62 /* PostWithComments.json */,
			);
			path = Resources;
			sourceTree = "<group>";
		};
		EE77BBD02A8AC9B800880625 /* Wrappers */ = {
			isa = PBXGroup;
			children = (
				EE77BBD12A8AC9F400880625 /* WebViewWrapper.swift */,
			);
			path = Wrappers;
			sourceTree = "<group>";
		};
		EE77BBD32A8AD12D00880625 /* CellSections */ = {
			isa = PBXGroup;
			children = (
				EE77BBD42A8AD14B00880625 /* PostFavicon.swift */,
				EE77BBD62A8AD97E00880625 /* PostPrimaryLabel.swift */,
				EE77BBD82A8ADB2900880625 /* PostSecondaryLabel.swift */,
			);
			path = CellSections;
			sourceTree = "<group>";
		};
		EE79362A2B8C039C00959398 /* ReusableViews */ = {
			isa = PBXGroup;
			children = (
				EE79362C2B8C03FC00959398 /* SecondaryInfoLabel.swift */,
				EE14E4B22B8D578900AD5AE1 /* AlertViewModal.swift */,
				EE71E3BF2C28D02900F8C68D /* TextBlockView.swift */,
			);
			path = ReusableViews;
			sourceTree = "<group>";
		};
		EE9727E72BC7352400240EDF /* JSONSchemas */ = {
			isa = PBXGroup;
			children = (
				EE9727E52BC7352400240EDF /* HNStoriesList.swift */,
				EE03A6F72BC9D75600D649E1 /* AlgoliaItem.swift */,
				EE9727E62BC7352400240EDF /* AngoliaStoriesResults.swift */,
			);
			path = JSONSchemas;
			sourceTree = "<group>";
		};
		EE9727E92BC7352400240EDF /* SwiftDataModels */ = {
			isa = PBXGroup;
			children = (
				EE9727E82BC7352400240EDF /* Post.swift */,
				EE03A70A2BD5A6A000D649E1 /* Comment.swift */,
			);
			path = SwiftDataModels;
			sourceTree = "<group>";
		};
		EE9727EA2BC7352400240EDF /* ItemModels */ = {
			isa = PBXGroup;
			children = (
				EE9727E72BC7352400240EDF /* JSONSchemas */,
				EE9727E92BC7352400240EDF /* SwiftDataModels */,
			);
			path = ItemModels;
			sourceTree = "<group>";
		};
		EE9727F72BC7383300240EDF /* Helpers */ = {
			isa = PBXGroup;
			children = (
				EE9727E22BC7352400240EDF /* Constants.swift */,
				EE9727F82BC7384000240EDF /* ItemFetcher.swift */,
			);
			path = Helpers;
			sourceTree = "<group>";
		};
		EE9727FA2BC73B0F00240EDF /* Debugging */ = {
			isa = PBXGroup;
			children = (
				EE9727FB2BC73B1D00240EDF /* ModelContext+SQLite.swift */,
			);
			path = Debugging;
			sourceTree = "<group>";
		};
		EEAE2B042B9E544B00E4A9A7 /* CommentViewModifiers */ = {
			isa = PBXGroup;
			children = (
				EEAE2B002B9E526B00E4A9A7 /* CommentIndentViewModifier.swift */,
			);
			path = CommentViewModifiers;
			sourceTree = "<group>";
		};
		EEC8B9C42A880A280088B6E9 = {
			isa = PBXGroup;
			children = (
				EEC7D1CB2C262A9E00B0226F /* Unit Tests.xctestplan */,
				EEC77FAE2C24A261008531F1 /* MarkdownifyHTML */,
				EEC8B9CF2A880A280088B6E9 /* Hermes */,
				EEC8B9E02A880A320088B6E9 /* HermesTests */,
				EEC8B9EA2A880A320088B6E9 /* HermesUITests */,
				EEC8B9CE2A880A280088B6E9 /* Products */,
				EEED0AAE2B9D33FA00BB27C0 /* Frameworks */,
				EE8876262B82B9BB0053633E /* LICENSE.md */,
				EE8876232B82B9BB0053633E /* Package.resolved */,
				EE8876242B82B9BB0053633E /* README.md */,
				EED148782A88247A001FA326 /* .swift-version */,
				EEC8BA3A2A8815500088B6E9 /* .gitignore */,
				EEC8BA382A88154C0088B6E9 /* .swiftlint.yml */,
				EEC8BA342A8815460088B6E9 /* README.md */,
				EEC8BA362A8815480088B6E9 /* LICENSE.md */,
			);
			sourceTree = "<group>";
		};
		EEC8B9CE2A880A280088B6E9 /* Products */ = {
			isa = PBXGroup;
			children = (
				EEC8B9CD2A880A280088B6E9 /* Hermes.app */,
				EEC8B9DD2A880A320088B6E9 /* HermesTests.xctest */,
				EEC8B9E72A880A320088B6E9 /* HermesUITests.xctest */,
			);
			name = Products;
			sourceTree = "<group>";
		};
		EEC8B9CF2A880A280088B6E9 /* Hermes */ = {
			isa = PBXGroup;
			children = (
				EE27CD132C0D18F20032988C /* Helpers */,
				EED1487F2A89A578001FA326 /* Info.plist */,
				EE9727FA2BC73B0F00240EDF /* Debugging */,
				EEC8B9FD2A880A610088B6E9 /* Extensions */,
				EEC8B9FA2A880A460088B6E9 /* Models */,
				EEC8B9FB2A880A4D0088B6E9 /* ViewModels */,
				EEC8B9FC2A880A550088B6E9 /* Views */,
				EEC8B9D02A880A280088B6E9 /* HermesApp.swift */,
				EEE021472A881E58003676E6 /* GoogleService-Info.plist */,
				EEC8B9D42A880A310088B6E9 /* Assets.xcassets */,
				EEC8B9D62A880A310088B6E9 /* Preview Content */,
			);
			path = Hermes;
			sourceTree = "<group>";
		};
		EEC8B9D62A880A310088B6E9 /* Preview Content */ = {
			isa = PBXGroup;
			children = (
				EE40DE8A2C07B5990009BA62 /* Resources */,
				EEC8BA472A88191E0088B6E9 /* TestData.swift */,
				EE40DE912C07C5080009BA62 /* PostPreview.swift */,
				EE27CD162C10E9EF0032988C /* ModelContainerPreview.swift */,
				EEC8B9D72A880A310088B6E9 /* Preview Assets.xcassets */,
			);
			path = "Preview Content";
			sourceTree = "<group>";
		};
		EEC8B9E02A880A320088B6E9 /* HermesTests */ = {
			isa = PBXGroup;
			children = (
				EEC8B9E12A880A320088B6E9 /* HermesTests.swift */,
			);
			path = HermesTests;
			sourceTree = "<group>";
		};
		EEC8B9EA2A880A320088B6E9 /* HermesUITests */ = {
			isa = PBXGroup;
			children = (
				EEC8B9EB2A880A320088B6E9 /* HermesUITests.swift */,
				EEC8B9ED2A880A320088B6E9 /* HermesUITestsLaunchTests.swift */,
			);
			path = HermesUITests;
			sourceTree = "<group>";
		};
		EEC8B9FA2A880A460088B6E9 /* Models */ = {
			isa = PBXGroup;
			children = (
				EE9727F72BC7383300240EDF /* Helpers */,
				EE9727EA2BC7352400240EDF /* ItemModels */,
				EE9727EB2BC7352400240EDF /* Post+AngoliaSearchResults.swift */,
				EE9727E12BC7352400240EDF /* ViewModel.swift */,
				EE9727E02BC7352400240EDF /* Errors.swift */,
			);
			path = Models;
			sourceTree = "<group>";
		};
		EEC8B9FB2A880A4D0088B6E9 /* ViewModels */ = {
			isa = PBXGroup;
			children = (
				EEAE2B052BA0ED0900E4A9A7 /* FaviconLoaderViewModel.swift */,
				EECA35B32C0270B800166D38 /* AlgoliaCommentsViewModel.swift */,
				EECA35B52C02714200166D38 /* LoadableItem.swift */,
			);
			path = ViewModels;
			sourceTree = "<group>";
		};
		EEC8B9FC2A880A550088B6E9 /* Views */ = {
			isa = PBXGroup;
			children = (
				EE27CD102C0D0AD90032988C /* Extensions */,
				EE79362A2B8C039C00959398 /* ReusableViews */,
				EE77BBD02A8AC9B800880625 /* Wrappers */,
				EEC8B9FE2A880A690088B6E9 /* Posts */,
				EEC8BA202A8814CA0088B6E9 /* RootView.swift */,
				EEC8BA1E2A8814880088B6E9 /* InboxView.swift */,
				EEC8BA182A8814830088B6E9 /* ProfileView.swift */,
				EEC8BA1A2A8814830088B6E9 /* SettingsView.swift */,
			);
			path = Views;
			sourceTree = "<group>";
		};
		EEC8B9FD2A880A610088B6E9 /* Extensions */ = {
			isa = PBXGroup;
			children = (
				EEC8BA102A8814520088B6E9 /* Sequence+Extensions.swift */,
				EE85BB132A8C0CC600ACF5F3 /* URL+Extensions.swift */,
				EE0F941D2B893A1E00108223 /* String+Extensions.swift */,
				EE14E4B42B8E887A00AD5AE1 /* SwiftUI+Extensions.swift */,
				EE40DE932C07CCC00009BA62 /* DateFormatter+Extensions.swift */,
			);
			path = Extensions;
			sourceTree = "<group>";
		};
		EEC8B9FE2A880A690088B6E9 /* Posts */ = {
			isa = PBXGroup;
			children = (
				EEC8B9FF2A880A6E0088B6E9 /* Comments */,
				EE102A3A2ACCB90300C28F80 /* Cell */,
				EEEA19A32BB6127200654F56 /* PostTabView.swift */,
			);
			path = Posts;
			sourceTree = "<group>";
		};
		EEC8B9FF2A880A6E0088B6E9 /* Comments */ = {
			isa = PBXGroup;
			children = (
				EEAE2B042B9E544B00E4A9A7 /* CommentViewModifiers */,
				EEC8BA2A2A8814E70088B6E9 /* CommentThread.swift */,
				EEC8BA2C2A8814E70088B6E9 /* CommentListView.swift */,
				EEAE2B022B9E52F300E4A9A7 /* CommentCell.swift */,
				EE40DE8F2C07BACB0009BA62 /* CommentListLoadedView.swift */,
			);
			path = Comments;
			sourceTree = "<group>";
		};
		EEED0AAE2B9D33FA00BB27C0 /* Frameworks */ = {
			isa = PBXGroup;
			children = (
				EEED0AAF2B9D33FA00BB27C0 /* Foundation.framework */,
			);
			name = Frameworks;
			sourceTree = "<group>";
		};
/* End PBXGroup section */

/* Begin PBXNativeTarget section */
		EEC8B9CC2A880A280088B6E9 /* Hermes */ = {
			isa = PBXNativeTarget;
			buildConfigurationList = EEC8B9F12A880A320088B6E9 /* Build configuration list for PBXNativeTarget "Hermes" */;
			buildPhases = (
				EEFE9EA52B9D16C500DB5D70 /* Lint Files */,
				EEC8B9C92A880A280088B6E9 /* Sources */,
				EEC8B9CA2A880A280088B6E9 /* Frameworks */,
				EEC8B9CB2A880A280088B6E9 /* Resources */,
			);
			buildRules = (
			);
			dependencies = (
				EEC8BA462A8816680088B6E9 /* PBXTargetDependency */,
			);
			name = Hermes;
			packageProductDependencies = (
				EEC8BA402A8816100088B6E9 /* FaviconFinder */,
				EE85BB162A8C0DF900ACF5F3 /* DomainParser */,
				EE9727F52BC7380800240EDF /* OrderedCollections */,
				EEC77FAF2C24A26E008531F1 /* MarkdownifyHTML */,
				EE4231362C277E4C005291BA /* AlertToast */,
				EE4231382C277FFE005291BA /* Alamofire */,
			);
			productName = Hermes;
			productReference = EEC8B9CD2A880A280088B6E9 /* Hermes.app */;
			productType = "com.apple.product-type.application";
		};
		EEC8B9DC2A880A320088B6E9 /* HermesTests */ = {
			isa = PBXNativeTarget;
			buildConfigurationList = EEC8B9F42A880A320088B6E9 /* Build configuration list for PBXNativeTarget "HermesTests" */;
			buildPhases = (
				EEC8B9D92A880A320088B6E9 /* Sources */,
				EEC8B9DA2A880A320088B6E9 /* Frameworks */,
				EEC8B9DB2A880A320088B6E9 /* Resources */,
			);
			buildRules = (
			);
			dependencies = (
				EEC8B9DF2A880A320088B6E9 /* PBXTargetDependency */,
			);
			name = HermesTests;
			productName = HermesTests;
			productReference = EEC8B9DD2A880A320088B6E9 /* HermesTests.xctest */;
			productType = "com.apple.product-type.bundle.unit-test";
		};
		EEC8B9E62A880A320088B6E9 /* HermesUITests */ = {
			isa = PBXNativeTarget;
			buildConfigurationList = EEC8B9F72A880A320088B6E9 /* Build configuration list for PBXNativeTarget "HermesUITests" */;
			buildPhases = (
				EEC8B9E32A880A320088B6E9 /* Sources */,
				EEC8B9E42A880A320088B6E9 /* Frameworks */,
				EEC8B9E52A880A320088B6E9 /* Resources */,
			);
			buildRules = (
			);
			dependencies = (
				EEC8B9E92A880A320088B6E9 /* PBXTargetDependency */,
			);
			name = HermesUITests;
			productName = HermesUITests;
			productReference = EEC8B9E72A880A320088B6E9 /* HermesUITests.xctest */;
			productType = "com.apple.product-type.bundle.ui-testing";
		};
/* End PBXNativeTarget section */

/* Begin PBXProject section */
		EEC8B9C52A880A280088B6E9 /* Project object */ = {
			isa = PBXProject;
			attributes = {
				BuildIndependentTargetsInParallel = 1;
				LastSwiftUpdateCheck = 1600;
				LastUpgradeCheck = 1600;
				TargetAttributes = {
					EEC8B9CC2A880A280088B6E9 = {
						CreatedOnToolsVersion = 15.0;
					};
					EEC8B9DC2A880A320088B6E9 = {
						CreatedOnToolsVersion = 15.0;
						TestTargetID = EEC8B9CC2A880A280088B6E9;
					};
					EEC8B9E62A880A320088B6E9 = {
						CreatedOnToolsVersion = 15.0;
						TestTargetID = EEC8B9CC2A880A280088B6E9;
					};
				};
			};
			buildConfigurationList = EEC8B9C82A880A280088B6E9 /* Build configuration list for PBXProject "Hermes" */;
			compatibilityVersion = "Xcode 15.0";
			developmentRegion = en;
			hasScannedForEncodings = 0;
			knownRegions = (
				en,
				Base,
			);
			mainGroup = EEC8B9C42A880A280088B6E9;
			packageReferences = (
				EEC8BA3F2A8816100088B6E9 /* XCRemoteSwiftPackageReference "FaviconFinder" */,
				EE85BB152A8C0DF900ACF5F3 /* XCRemoteSwiftPackageReference "SwiftDomainParser" */,
				EE7936302B8D551500959398 /* XCRemoteSwiftPackageReference "AlertToast" */,
				EE9727F42BC7380800240EDF /* XCRemoteSwiftPackageReference "swift-collections" */,
				EED8D72E2BFA9D0C002BFB44 /* XCRemoteSwiftPackageReference "Alamofire" */,
				EE1FC1E62C276AD50083F2AA /* XCLocalSwiftPackageReference "MarkdownifyHTML" */,
			);
			productRefGroup = EEC8B9CE2A880A280088B6E9 /* Products */;
			projectDirPath = "";
			projectRoot = "";
			targets = (
				EEC8B9CC2A880A280088B6E9 /* Hermes */,
				EEC8B9DC2A880A320088B6E9 /* HermesTests */,
				EEC8B9E62A880A320088B6E9 /* HermesUITests */,
			);
		};
/* End PBXProject section */

/* Begin PBXResourcesBuildPhase section */
		EEC8B9CB2A880A280088B6E9 /* Resources */ = {
			isa = PBXResourcesBuildPhase;
			buildActionMask = 2147483647;
			files = (
				EE40DE8C2C07B5B60009BA62 /* PostWithComments.json in Resources */,
				EE88762D2B82B9BB0053633E /* LICENSE.md in Resources */,
				EEC8B9D82A880A310088B6E9 /* Preview Assets.xcassets in Resources */,
				EEC8B9D52A880A310088B6E9 /* Assets.xcassets in Resources */,
				EEE021482A881E58003676E6 /* GoogleService-Info.plist in Resources */,
			);
			runOnlyForDeploymentPostprocessing = 0;
		};
		EEC8B9DB2A880A320088B6E9 /* Resources */ = {
			isa = PBXResourcesBuildPhase;
			buildActionMask = 2147483647;
			files = (
			);
			runOnlyForDeploymentPostprocessing = 0;
		};
		EEC8B9E52A880A320088B6E9 /* Resources */ = {
			isa = PBXResourcesBuildPhase;
			buildActionMask = 2147483647;
			files = (
			);
			runOnlyForDeploymentPostprocessing = 0;
		};
/* End PBXResourcesBuildPhase section */

/* Begin PBXShellScriptBuildPhase section */
		EEFE9EA52B9D16C500DB5D70 /* Lint Files */ = {
			isa = PBXShellScriptBuildPhase;
			alwaysOutOfDate = 1;
			buildActionMask = 2147483647;
			files = (
			);
			inputFileListPaths = (
			);
			inputPaths = (
			);
			name = "Lint Files";
			outputFileListPaths = (
			);
			outputPaths = (
			);
			runOnlyForDeploymentPostprocessing = 0;
			shellPath = /bin/sh;
			shellScript = "if [[ \"$(uname -m)\" == arm64 ]]; then\n    export PATH=\"/opt/homebrew/bin:$PATH\"\nfi\n\nif which swiftlint > /dev/null; then\n  swiftlint\nelse\n  echo \"warning: SwiftLint not installed, download from https://github.com/realm/SwiftLint\"\nfi\n";
		};
/* End PBXShellScriptBuildPhase section */

/* Begin PBXSourcesBuildPhase section */
		EEC8B9C92A880A280088B6E9 /* Sources */ = {
			isa = PBXSourcesBuildPhase;
			buildActionMask = 2147483647;
			files = (
				EE77BBD52A8AD14B00880625 /* PostFavicon.swift in Sources */,
				EE27CD172C10E9EF0032988C /* ModelContainerPreview.swift in Sources */,
				EECA35B42C0270B800166D38 /* AlgoliaCommentsViewModel.swift in Sources */,
				EE40DE902C07BACB0009BA62 /* CommentListLoadedView.swift in Sources */,
				EE77BBD72A8AD97E00880625 /* PostPrimaryLabel.swift in Sources */,
				EE71E3C02C28D02900F8C68D /* TextBlockView.swift in Sources */,
				EEC8BA2D2A8814E70088B6E9 /* CommentThread.swift in Sources */,
				EEC8BA1D2A8814830088B6E9 /* SettingsView.swift in Sources */,
				EE9727ED2BC7352400240EDF /* ViewModel.swift in Sources */,
				EEC8BA262A8814E10088B6E9 /* PostText.swift in Sources */,
				EE9727EC2BC7352400240EDF /* Errors.swift in Sources */,
				EE9727F92BC7384000240EDF /* ItemFetcher.swift in Sources */,
				EE27CD122C0D0AF50032988C /* If+Extensions.swift in Sources */,
				EEAE2B032B9E52F300E4A9A7 /* CommentCell.swift in Sources */,
				EEC8BA282A8814E10088B6E9 /* PostCell.swift in Sources */,
				EE9727F32BC7352400240EDF /* Post+AngoliaSearchResults.swift in Sources */,
				EEEA19A42BB6127200654F56 /* PostTabView.swift in Sources */,
				EE79362D2B8C03FC00959398 /* SecondaryInfoLabel.swift in Sources */,
				EE03A6F82BC9D75600D649E1 /* AlgoliaItem.swift in Sources */,
				EE0F941E2B893A1E00108223 /* String+Extensions.swift in Sources */,
				EEC8BA1F2A8814880088B6E9 /* InboxView.swift in Sources */,
				EE27CD152C0D19960032988C /* Clamping+PropertyWrapper.swift in Sources */,
				EEC8BA2F2A8814E70088B6E9 /* CommentListView.swift in Sources */,
				EE77BBD22A8AC9F400880625 /* WebViewWrapper.swift in Sources */,
				EE40DE922C07C5080009BA62 /* PostPreview.swift in Sources */,
				EE14E4B32B8D578900AD5AE1 /* AlertViewModal.swift in Sources */,
				EEC8BA1B2A8814830088B6E9 /* ProfileView.swift in Sources */,
				EEC8B9D12A880A280088B6E9 /* HermesApp.swift in Sources */,
				EEC8BA122A8814520088B6E9 /* Sequence+Extensions.swift in Sources */,
				EE9727EE2BC7352400240EDF /* Constants.swift in Sources */,
				EE40DE942C07CCC00009BA62 /* DateFormatter+Extensions.swift in Sources */,
				EE85BB142A8C0CC600ACF5F3 /* URL+Extensions.swift in Sources */,
				EEAE2B062BA0ED0900E4A9A7 /* FaviconLoaderViewModel.swift in Sources */,
				EE77BBD92A8ADB2900880625 /* PostSecondaryLabel.swift in Sources */,
				EE9727F22BC7352400240EDF /* Post.swift in Sources */,
				EEAE2B012B9E526B00E4A9A7 /* CommentIndentViewModifier.swift in Sources */,
				EE9727F02BC7352400240EDF /* HNStoriesList.swift in Sources */,
				EE9727FC2BC73B1D00240EDF /* ModelContext+SQLite.swift in Sources */,
				EECA35B62C02714200166D38 /* LoadableItem.swift in Sources */,
				EEC8BA482A88191E0088B6E9 /* TestData.swift in Sources */,
				EE03A70B2BD5A6A000D649E1 /* Comment.swift in Sources */,
				EEC8BA212A8814CA0088B6E9 /* RootView.swift in Sources */,
				EE9727F12BC7352400240EDF /* AngoliaStoriesResults.swift in Sources */,
				EE14E4B52B8E887A00AD5AE1 /* SwiftUI+Extensions.swift in Sources */,
			);
			runOnlyForDeploymentPostprocessing = 0;
		};
		EEC8B9D92A880A320088B6E9 /* Sources */ = {
			isa = PBXSourcesBuildPhase;
			buildActionMask = 2147483647;
			files = (
				EEC8B9E22A880A320088B6E9 /* HermesTests.swift in Sources */,
			);
			runOnlyForDeploymentPostprocessing = 0;
		};
		EEC8B9E32A880A320088B6E9 /* Sources */ = {
			isa = PBXSourcesBuildPhase;
			buildActionMask = 2147483647;
			files = (
				EEC8B9EE2A880A320088B6E9 /* HermesUITestsLaunchTests.swift in Sources */,
				EEC8B9EC2A880A320088B6E9 /* HermesUITests.swift in Sources */,
			);
			runOnlyForDeploymentPostprocessing = 0;
		};
/* End PBXSourcesBuildPhase section */

/* Begin PBXTargetDependency section */
		EEC8B9DF2A880A320088B6E9 /* PBXTargetDependency */ = {
			isa = PBXTargetDependency;
			target = EEC8B9CC2A880A280088B6E9 /* Hermes */;
			targetProxy = EEC8B9DE2A880A320088B6E9 /* PBXContainerItemProxy */;
		};
		EEC8B9E92A880A320088B6E9 /* PBXTargetDependency */ = {
			isa = PBXTargetDependency;
			target = EEC8B9CC2A880A280088B6E9 /* Hermes */;
			targetProxy = EEC8B9E82A880A320088B6E9 /* PBXContainerItemProxy */;
		};
		EEC8BA462A8816680088B6E9 /* PBXTargetDependency */ = {
			isa = PBXTargetDependency;
			productRef = EEC8BA452A8816680088B6E9 /* SwiftLintPlugin */;
		};
/* End PBXTargetDependency section */

/* Begin XCBuildConfiguration section */
		EEC8B9EF2A880A320088B6E9 /* Debug */ = {
			isa = XCBuildConfiguration;
			buildSettings = {
				ALWAYS_SEARCH_USER_PATHS = NO;
				ASSETCATALOG_COMPILER_GENERATE_SWIFT_ASSET_SYMBOL_EXTENSIONS = YES;
				CLANG_ANALYZER_NONNULL = YES;
				CLANG_ANALYZER_NUMBER_OBJECT_CONVERSION = YES_AGGRESSIVE;
				CLANG_CXX_LANGUAGE_STANDARD = "c++0x";
				CLANG_ENABLE_MODULES = YES;
				CLANG_ENABLE_OBJC_ARC = YES;
				CLANG_ENABLE_OBJC_WEAK = YES;
				CLANG_WARN_BLOCK_CAPTURE_AUTORELEASING = YES;
				CLANG_WARN_BOOL_CONVERSION = YES;
				CLANG_WARN_COMMA = YES;
				CLANG_WARN_CONSTANT_CONVERSION = YES;
				CLANG_WARN_CXX0X_EXTENSIONS = YES;
				CLANG_WARN_DEPRECATED_OBJC_IMPLEMENTATIONS = YES;
				CLANG_WARN_DIRECT_OBJC_ISA_USAGE = YES_ERROR;
				CLANG_WARN_DOCUMENTATION_COMMENTS = YES;
				CLANG_WARN_EMPTY_BODY = YES;
				CLANG_WARN_ENUM_CONVERSION = YES;
				CLANG_WARN_INFINITE_RECURSION = YES;
				CLANG_WARN_INT_CONVERSION = YES;
				CLANG_WARN_NON_LITERAL_NULL_CONVERSION = YES;
				CLANG_WARN_OBJC_IMPLICIT_RETAIN_SELF = YES;
				CLANG_WARN_OBJC_LITERAL_CONVERSION = YES;
				CLANG_WARN_OBJC_ROOT_CLASS = YES_ERROR;
				CLANG_WARN_QUOTED_INCLUDE_IN_FRAMEWORK_HEADER = YES;
				CLANG_WARN_RANGE_LOOP_ANALYSIS = YES;
				CLANG_WARN_STRICT_PROTOTYPES = YES;
				CLANG_WARN_SUSPICIOUS_MOVE = YES;
				CLANG_WARN_UNGUARDED_AVAILABILITY = YES_AGGRESSIVE;
				CLANG_WARN_UNREACHABLE_CODE = YES;
				CLANG_WARN__DUPLICATE_METHOD_MATCH = YES;
				COPY_PHASE_STRIP = NO;
				DEBUG_INFORMATION_FORMAT = dwarf;
				ENABLE_STRICT_OBJC_MSGSEND = YES;
				ENABLE_TESTABILITY = YES;
				ENABLE_USER_SCRIPT_SANDBOXING = YES;
				GCC_C_LANGUAGE_STANDARD = gnu17;
				GCC_DYNAMIC_NO_PIC = NO;
				GCC_NO_COMMON_BLOCKS = YES;
				GCC_OPTIMIZATION_LEVEL = 0;
				GCC_PREPROCESSOR_DEFINITIONS = (
					"DEBUG=1",
					"$(inherited)",
				);
				GCC_WARN_64_TO_32_BIT_CONVERSION = YES;
				GCC_WARN_ABOUT_RETURN_TYPE = YES_ERROR;
				GCC_WARN_UNDECLARED_SELECTOR = YES;
				GCC_WARN_UNINITIALIZED_AUTOS = YES_AGGRESSIVE;
				GCC_WARN_UNUSED_FUNCTION = YES;
				GCC_WARN_UNUSED_VARIABLE = YES;
				IPHONEOS_DEPLOYMENT_TARGET = 17.0;
				LOCALIZATION_PREFERS_STRING_CATALOGS = YES;
				MTL_ENABLE_DEBUG_INFO = INCLUDE_SOURCE;
				MTL_FAST_MATH = YES;
				ONLY_ACTIVE_ARCH = YES;
				SDKROOT = iphoneos;
				SWIFT_ACTIVE_COMPILATION_CONDITIONS = "DEBUG $(inherited)";
				SWIFT_OBJC_INTEROP_MODE = objcxx;
				SWIFT_OPTIMIZATION_LEVEL = "-Onone";
			};
			name = Debug;
		};
		EEC8B9F02A880A320088B6E9 /* Release */ = {
			isa = XCBuildConfiguration;
			buildSettings = {
				ALWAYS_SEARCH_USER_PATHS = NO;
				ASSETCATALOG_COMPILER_GENERATE_SWIFT_ASSET_SYMBOL_EXTENSIONS = YES;
				CLANG_ANALYZER_NONNULL = YES;
				CLANG_ANALYZER_NUMBER_OBJECT_CONVERSION = YES_AGGRESSIVE;
				CLANG_CXX_LANGUAGE_STANDARD = "c++0x";
				CLANG_ENABLE_MODULES = YES;
				CLANG_ENABLE_OBJC_ARC = YES;
				CLANG_ENABLE_OBJC_WEAK = YES;
				CLANG_WARN_BLOCK_CAPTURE_AUTORELEASING = YES;
				CLANG_WARN_BOOL_CONVERSION = YES;
				CLANG_WARN_COMMA = YES;
				CLANG_WARN_CONSTANT_CONVERSION = YES;
				CLANG_WARN_CXX0X_EXTENSIONS = YES;
				CLANG_WARN_DEPRECATED_OBJC_IMPLEMENTATIONS = YES;
				CLANG_WARN_DIRECT_OBJC_ISA_USAGE = YES_ERROR;
				CLANG_WARN_DOCUMENTATION_COMMENTS = YES;
				CLANG_WARN_EMPTY_BODY = YES;
				CLANG_WARN_ENUM_CONVERSION = YES;
				CLANG_WARN_INFINITE_RECURSION = YES;
				CLANG_WARN_INT_CONVERSION = YES;
				CLANG_WARN_NON_LITERAL_NULL_CONVERSION = YES;
				CLANG_WARN_OBJC_IMPLICIT_RETAIN_SELF = YES;
				CLANG_WARN_OBJC_LITERAL_CONVERSION = YES;
				CLANG_WARN_OBJC_ROOT_CLASS = YES_ERROR;
				CLANG_WARN_QUOTED_INCLUDE_IN_FRAMEWORK_HEADER = YES;
				CLANG_WARN_RANGE_LOOP_ANALYSIS = YES;
				CLANG_WARN_STRICT_PROTOTYPES = YES;
				CLANG_WARN_SUSPICIOUS_MOVE = YES;
				CLANG_WARN_UNGUARDED_AVAILABILITY = YES_AGGRESSIVE;
				CLANG_WARN_UNREACHABLE_CODE = YES;
				CLANG_WARN__DUPLICATE_METHOD_MATCH = YES;
				COPY_PHASE_STRIP = NO;
				DEBUG_INFORMATION_FORMAT = "dwarf-with-dsym";
				ENABLE_NS_ASSERTIONS = NO;
				ENABLE_STRICT_OBJC_MSGSEND = YES;
				ENABLE_USER_SCRIPT_SANDBOXING = YES;
				GCC_C_LANGUAGE_STANDARD = gnu17;
				GCC_NO_COMMON_BLOCKS = YES;
				GCC_WARN_64_TO_32_BIT_CONVERSION = YES;
				GCC_WARN_ABOUT_RETURN_TYPE = YES_ERROR;
				GCC_WARN_UNDECLARED_SELECTOR = YES;
				GCC_WARN_UNINITIALIZED_AUTOS = YES_AGGRESSIVE;
				GCC_WARN_UNUSED_FUNCTION = YES;
				GCC_WARN_UNUSED_VARIABLE = YES;
				IPHONEOS_DEPLOYMENT_TARGET = 17.0;
				LOCALIZATION_PREFERS_STRING_CATALOGS = YES;
				MTL_ENABLE_DEBUG_INFO = NO;
				MTL_FAST_MATH = YES;
				SDKROOT = iphoneos;
				SWIFT_COMPILATION_MODE = wholemodule;
				SWIFT_OBJC_INTEROP_MODE = objcxx;
				VALIDATE_PRODUCT = YES;
			};
			name = Release;
		};
		EEC8B9F22A880A320088B6E9 /* Debug */ = {
			isa = XCBuildConfiguration;
			buildSettings = {
				ASSETCATALOG_COMPILER_APPICON_NAME = AppIcon;
				ASSETCATALOG_COMPILER_GLOBAL_ACCENT_COLOR_NAME = AccentColor;
				CLANG_CXX_LANGUAGE_STANDARD = "c++0x";
				CLANG_WARN_CXX0X_EXTENSIONS = YES;
				CODE_SIGN_STYLE = Automatic;
				CURRENT_PROJECT_VERSION = 33;
				DEVELOPMENT_ASSET_PATHS = "\"Hermes/Preview Content\"";
				DEVELOPMENT_TEAM = 3K22YJAJ77;
				ENABLE_PREVIEWS = YES;
				ENABLE_USER_SCRIPT_SANDBOXING = NO;
				GENERATE_INFOPLIST_FILE = YES;
				INFOPLIST_FILE = Hermes/Info.plist;
				INFOPLIST_KEY_CFBundleDisplayName = Hermes;
				INFOPLIST_KEY_LSApplicationCategoryType = "public.app-category.news";
				INFOPLIST_KEY_UIApplicationSceneManifest_Generation = YES;
				INFOPLIST_KEY_UIApplicationSupportsIndirectInputEvents = YES;
				INFOPLIST_KEY_UILaunchScreen_Generation = YES;
				INFOPLIST_KEY_UISupportedInterfaceOrientations_iPad = "UIInterfaceOrientationPortrait UIInterfaceOrientationPortraitUpsideDown UIInterfaceOrientationLandscapeLeft UIInterfaceOrientationLandscapeRight";
				INFOPLIST_KEY_UISupportedInterfaceOrientations_iPhone = "UIInterfaceOrientationPortrait UIInterfaceOrientationLandscapeLeft UIInterfaceOrientationLandscapeRight";
				IPHONEOS_DEPLOYMENT_TARGET = 17.0;
				LD_RUNPATH_SEARCH_PATHS = (
					"$(inherited)",
					"@executable_path/Frameworks",
				);
				MARKETING_VERSION = 0.1.25;
				PRODUCT_BUNDLE_IDENTIFIER = com.coryginsberg.Hermes;
				PRODUCT_NAME = "$(TARGET_NAME)";
				SWIFT_EMIT_LOC_STRINGS = YES;
				SWIFT_VERSION = 5.0;
				TARGETED_DEVICE_FAMILY = "1,2";
				VERSIONING_SYSTEM = "apple-generic";
			};
			name = Debug;
		};
		EEC8B9F32A880A320088B6E9 /* Release */ = {
			isa = XCBuildConfiguration;
			buildSettings = {
				ASSETCATALOG_COMPILER_APPICON_NAME = AppIcon;
				ASSETCATALOG_COMPILER_GLOBAL_ACCENT_COLOR_NAME = AccentColor;
				CLANG_CXX_LANGUAGE_STANDARD = "c++0x";
				CLANG_WARN_CXX0X_EXTENSIONS = YES;
				CODE_SIGN_STYLE = Automatic;
				CURRENT_PROJECT_VERSION = 33;
				DEVELOPMENT_ASSET_PATHS = "\"Hermes/Preview Content\"";
				DEVELOPMENT_TEAM = 3K22YJAJ77;
				ENABLE_PREVIEWS = YES;
				ENABLE_USER_SCRIPT_SANDBOXING = NO;
				GENERATE_INFOPLIST_FILE = YES;
				INFOPLIST_FILE = Hermes/Info.plist;
				INFOPLIST_KEY_CFBundleDisplayName = Hermes;
				INFOPLIST_KEY_LSApplicationCategoryType = "public.app-category.news";
				INFOPLIST_KEY_UIApplicationSceneManifest_Generation = YES;
				INFOPLIST_KEY_UIApplicationSupportsIndirectInputEvents = YES;
				INFOPLIST_KEY_UILaunchScreen_Generation = YES;
				INFOPLIST_KEY_UISupportedInterfaceOrientations_iPad = "UIInterfaceOrientationPortrait UIInterfaceOrientationPortraitUpsideDown UIInterfaceOrientationLandscapeLeft UIInterfaceOrientationLandscapeRight";
				INFOPLIST_KEY_UISupportedInterfaceOrientations_iPhone = "UIInterfaceOrientationPortrait UIInterfaceOrientationLandscapeLeft UIInterfaceOrientationLandscapeRight";
				IPHONEOS_DEPLOYMENT_TARGET = 17.0;
				LD_RUNPATH_SEARCH_PATHS = (
					"$(inherited)",
					"@executable_path/Frameworks",
				);
				MARKETING_VERSION = 0.1.25;
				PRODUCT_BUNDLE_IDENTIFIER = com.coryginsberg.Hermes;
				PRODUCT_NAME = "$(TARGET_NAME)";
				SWIFT_EMIT_LOC_STRINGS = YES;
				SWIFT_VERSION = 5.0;
				TARGETED_DEVICE_FAMILY = "1,2";
				VERSIONING_SYSTEM = "apple-generic";
			};
			name = Release;
		};
		EEC8B9F52A880A320088B6E9 /* Debug */ = {
			isa = XCBuildConfiguration;
			buildSettings = {
				BUNDLE_LOADER = "$(TEST_HOST)";
				CODE_SIGN_STYLE = Automatic;
				CURRENT_PROJECT_VERSION = 33;
				DEVELOPMENT_TEAM = 3K22YJAJ77;
				GENERATE_INFOPLIST_FILE = YES;
				IPHONEOS_DEPLOYMENT_TARGET = 17.0;
				MARKETING_VERSION = 0.1.25;
				PRODUCT_BUNDLE_IDENTIFIER = com.coryginsberg.HermesTests;
				PRODUCT_NAME = "$(TARGET_NAME)";
				SWIFT_EMIT_LOC_STRINGS = NO;
				SWIFT_VERSION = 5.0;
				TARGETED_DEVICE_FAMILY = "1,2";
				TEST_HOST = "$(BUILT_PRODUCTS_DIR)/Hermes.app/$(BUNDLE_EXECUTABLE_FOLDER_PATH)/Hermes";
			};
			name = Debug;
		};
		EEC8B9F62A880A320088B6E9 /* Release */ = {
			isa = XCBuildConfiguration;
			buildSettings = {
				BUNDLE_LOADER = "$(TEST_HOST)";
				CODE_SIGN_STYLE = Automatic;
				CURRENT_PROJECT_VERSION = 33;
				DEVELOPMENT_TEAM = 3K22YJAJ77;
				GENERATE_INFOPLIST_FILE = YES;
				IPHONEOS_DEPLOYMENT_TARGET = 17.0;
				MARKETING_VERSION = 0.1.25;
				PRODUCT_BUNDLE_IDENTIFIER = com.coryginsberg.HermesTests;
				PRODUCT_NAME = "$(TARGET_NAME)";
				SWIFT_EMIT_LOC_STRINGS = NO;
				SWIFT_VERSION = 5.0;
				TARGETED_DEVICE_FAMILY = "1,2";
				TEST_HOST = "$(BUILT_PRODUCTS_DIR)/Hermes.app/$(BUNDLE_EXECUTABLE_FOLDER_PATH)/Hermes";
			};
			name = Release;
		};
		EEC8B9F82A880A320088B6E9 /* Debug */ = {
			isa = XCBuildConfiguration;
			buildSettings = {
				CODE_SIGN_STYLE = Automatic;
				CURRENT_PROJECT_VERSION = 33;
				DEVELOPMENT_TEAM = 3K22YJAJ77;
				GENERATE_INFOPLIST_FILE = YES;
				MARKETING_VERSION = 0.1.25;
				PRODUCT_BUNDLE_IDENTIFIER = com.coryginsberg.HermesUITests;
				PRODUCT_NAME = "$(TARGET_NAME)";
				SWIFT_EMIT_LOC_STRINGS = NO;
				SWIFT_VERSION = 5.0;
				TARGETED_DEVICE_FAMILY = "1,2";
				TEST_TARGET_NAME = Hermes;
			};
			name = Debug;
		};
		EEC8B9F92A880A320088B6E9 /* Release */ = {
			isa = XCBuildConfiguration;
			buildSettings = {
				CODE_SIGN_STYLE = Automatic;
				CURRENT_PROJECT_VERSION = 33;
				DEVELOPMENT_TEAM = 3K22YJAJ77;
				GENERATE_INFOPLIST_FILE = YES;
				MARKETING_VERSION = 0.1.25;
				PRODUCT_BUNDLE_IDENTIFIER = com.coryginsberg.HermesUITests;
				PRODUCT_NAME = "$(TARGET_NAME)";
				SWIFT_EMIT_LOC_STRINGS = NO;
				SWIFT_VERSION = 5.0;
				TARGETED_DEVICE_FAMILY = "1,2";
				TEST_TARGET_NAME = Hermes;
			};
			name = Release;
		};
/* End XCBuildConfiguration section */

/* Begin XCConfigurationList section */
		EEC8B9C82A880A280088B6E9 /* Build configuration list for PBXProject "Hermes" */ = {
			isa = XCConfigurationList;
			buildConfigurations = (
				EEC8B9EF2A880A320088B6E9 /* Debug */,
				EEC8B9F02A880A320088B6E9 /* Release */,
			);
			defaultConfigurationIsVisible = 0;
			defaultConfigurationName = Release;
		};
		EEC8B9F12A880A320088B6E9 /* Build configuration list for PBXNativeTarget "Hermes" */ = {
			isa = XCConfigurationList;
			buildConfigurations = (
				EEC8B9F22A880A320088B6E9 /* Debug */,
				EEC8B9F32A880A320088B6E9 /* Release */,
			);
			defaultConfigurationIsVisible = 0;
			defaultConfigurationName = Release;
		};
		EEC8B9F42A880A320088B6E9 /* Build configuration list for PBXNativeTarget "HermesTests" */ = {
			isa = XCConfigurationList;
			buildConfigurations = (
				EEC8B9F52A880A320088B6E9 /* Debug */,
				EEC8B9F62A880A320088B6E9 /* Release */,
			);
			defaultConfigurationIsVisible = 0;
			defaultConfigurationName = Release;
		};
		EEC8B9F72A880A320088B6E9 /* Build configuration list for PBXNativeTarget "HermesUITests" */ = {
			isa = XCConfigurationList;
			buildConfigurations = (
				EEC8B9F82A880A320088B6E9 /* Debug */,
				EEC8B9F92A880A320088B6E9 /* Release */,
			);
			defaultConfigurationIsVisible = 0;
			defaultConfigurationName = Release;
		};
/* End XCConfigurationList section */

/* Begin XCLocalSwiftPackageReference section */
		EE1FC1E62C276AD50083F2AA /* XCLocalSwiftPackageReference "MarkdownifyHTML" */ = {
			isa = XCLocalSwiftPackageReference;
			relativePath = MarkdownifyHTML;
		};
/* End XCLocalSwiftPackageReference section */

/* Begin XCRemoteSwiftPackageReference section */
		EE7936302B8D551500959398 /* XCRemoteSwiftPackageReference "AlertToast" */ = {
			isa = XCRemoteSwiftPackageReference;
			repositoryURL = "https://github.com/elai950/AlertToast.git";
			requirement = {
				kind = upToNextMajorVersion;
				minimumVersion = 1.3.9;
			};
		};
		EE85BB152A8C0DF900ACF5F3 /* XCRemoteSwiftPackageReference "SwiftDomainParser" */ = {
			isa = XCRemoteSwiftPackageReference;
			repositoryURL = "https://github.com/Dashlane/SwiftDomainParser";
			requirement = {
				kind = upToNextMajorVersion;
				minimumVersion = 1.1.0;
			};
		};
		EE9727F42BC7380800240EDF /* XCRemoteSwiftPackageReference "swift-collections" */ = {
			isa = XCRemoteSwiftPackageReference;
			repositoryURL = "https://github.com/apple/swift-collections.git";
			requirement = {
				kind = upToNextMajorVersion;
				minimumVersion = 1.1.0;
			};
		};
		EEC8BA3F2A8816100088B6E9 /* XCRemoteSwiftPackageReference "FaviconFinder" */ = {
			isa = XCRemoteSwiftPackageReference;
			repositoryURL = "https://github.com/will-lumley/FaviconFinder.git";
			requirement = {
				kind = upToNextMajorVersion;
				minimumVersion = 4.2.0;
			};
		};
		EEC8BA422A8816540088B6E9 /* XCRemoteSwiftPackageReference "SwiftLint" */ = {
			isa = XCRemoteSwiftPackageReference;
			repositoryURL = "https://github.com/realm/SwiftLint";
			requirement = {
				kind = upToNextMajorVersion;
				minimumVersion = 0.52.4;
			};
		};
		EED8D72E2BFA9D0C002BFB44 /* XCRemoteSwiftPackageReference "Alamofire" */ = {
			isa = XCRemoteSwiftPackageReference;
			repositoryURL = "https://github.com/Alamofire/Alamofire.git";
			requirement = {
				kind = upToNextMajorVersion;
				minimumVersion = 5.9.1;
			};
		};
/* End XCRemoteSwiftPackageReference section */

/* Begin XCSwiftPackageProductDependency section */
		EE4231362C277E4C005291BA /* AlertToast */ = {
			isa = XCSwiftPackageProductDependency;
			package = EE7936302B8D551500959398 /* XCRemoteSwiftPackageReference "AlertToast" */;
			productName = AlertToast;
		};
		EE4231382C277FFE005291BA /* Alamofire */ = {
			isa = XCSwiftPackageProductDependency;
			package = EED8D72E2BFA9D0C002BFB44 /* XCRemoteSwiftPackageReference "Alamofire" */;
			productName = Alamofire;
		};
		EE85BB162A8C0DF900ACF5F3 /* DomainParser */ = {
			isa = XCSwiftPackageProductDependency;
			package = EE85BB152A8C0DF900ACF5F3 /* XCRemoteSwiftPackageReference "SwiftDomainParser" */;
			productName = DomainParser;
		};
		EE9727F52BC7380800240EDF /* OrderedCollections */ = {
			isa = XCSwiftPackageProductDependency;
			package = EE9727F42BC7380800240EDF /* XCRemoteSwiftPackageReference "swift-collections" */;
			productName = OrderedCollections;
		};
		EEC77FAF2C24A26E008531F1 /* MarkdownifyHTML */ = {
			isa = XCSwiftPackageProductDependency;
			productName = MarkdownifyHTML;
		};
		EEC8BA402A8816100088B6E9 /* FaviconFinder */ = {
			isa = XCSwiftPackageProductDependency;
			package = EEC8BA3F2A8816100088B6E9 /* XCRemoteSwiftPackageReference "FaviconFinder" */;
			productName = FaviconFinder;
		};
		EEC8BA452A8816680088B6E9 /* SwiftLintPlugin */ = {
			isa = XCSwiftPackageProductDependency;
			package = EEC8BA422A8816540088B6E9 /* XCRemoteSwiftPackageReference "SwiftLint" */;
			productName = "plugin:SwiftLintPlugin";
		};
/* End XCSwiftPackageProductDependency section */
	};
	rootObject = EEC8B9C52A880A280088B6E9 /* Project object */;
}
