// !$*UTF8*$!
{
	archiveVersion = 1;
	classes = {
	};
	objectVersion = 56;
	objects = {

/* Begin PBXBuildFile section */
		EEC8B9D12A880A280088B6E9 /* HermesApp.swift in Sources */ = {isa = PBXBuildFile; fileRef = EEC8B9D02A880A280088B6E9 /* HermesApp.swift */; };
		EEC8B9D32A880A280088B6E9 /* ContentView.swift in Sources */ = {isa = PBXBuildFile; fileRef = EEC8B9D22A880A280088B6E9 /* ContentView.swift */; };
		EEC8B9D52A880A310088B6E9 /* Assets.xcassets in Resources */ = {isa = PBXBuildFile; fileRef = EEC8B9D42A880A310088B6E9 /* Assets.xcassets */; };
		EEC8B9D82A880A310088B6E9 /* Preview Assets.xcassets in Resources */ = {isa = PBXBuildFile; fileRef = EEC8B9D72A880A310088B6E9 /* Preview Assets.xcassets */; };
		EEC8B9E22A880A320088B6E9 /* HermesTests.swift in Sources */ = {isa = PBXBuildFile; fileRef = EEC8B9E12A880A320088B6E9 /* HermesTests.swift */; };
		EEC8B9EC2A880A320088B6E9 /* HermesUITests.swift in Sources */ = {isa = PBXBuildFile; fileRef = EEC8B9EB2A880A320088B6E9 /* HermesUITests.swift */; };
		EEC8B9EE2A880A320088B6E9 /* HermesUITestsLaunchTests.swift in Sources */ = {isa = PBXBuildFile; fileRef = EEC8B9ED2A880A320088B6E9 /* HermesUITestsLaunchTests.swift */; };
/* End PBXBuildFile section */

/* Begin PBXContainerItemProxy section */
		EEC8B9DE2A880A320088B6E9 /* PBXContainerItemProxy */ = {
			isa = PBXContainerItemProxy;
			containerPortal = EEC8B9C52A880A280088B6E9 /* Project object */;
			proxyType = 1;
			remoteGlobalIDString = EEC8B9CC2A880A280088B6E9;
			remoteInfo = Hermes;
		};
		EEC8B9E82A880A320088B6E9 /* PBXContainerItemProxy */ = {
			isa = PBXContainerItemProxy;
			containerPortal = EEC8B9C52A880A280088B6E9 /* Project object */;
			proxyType = 1;
			remoteGlobalIDString = EEC8B9CC2A880A280088B6E9;
			remoteInfo = Hermes;
		};
/* End PBXContainerItemProxy section */

/* Begin PBXFileReference section */
		EEC8B9CD2A880A280088B6E9 /* Hermes.app */ = {isa = PBXFileReference; explicitFileType = wrapper.application; includeInIndex = 0; path = Hermes.app; sourceTree = BUILT_PRODUCTS_DIR; };
		EEC8B9D02A880A280088B6E9 /* HermesApp.swift */ = {isa = PBXFileReference; lastKnownFileType = sourcecode.swift; path = HermesApp.swift; sourceTree = "<group>"; };
		EEC8B9D22A880A280088B6E9 /* ContentView.swift */ = {isa = PBXFileReference; lastKnownFileType = sourcecode.swift; path = ContentView.swift; sourceTree = "<group>"; };
		EEC8B9D42A880A310088B6E9 /* Assets.xcassets */ = {isa = PBXFileReference; lastKnownFileType = folder.assetcatalog; path = Assets.xcassets; sourceTree = "<group>"; };
		EEC8B9D72A880A310088B6E9 /* Preview Assets.xcassets */ = {isa = PBXFileReference; lastKnownFileType = folder.assetcatalog; path = "Preview Assets.xcassets"; sourceTree = "<group>"; };
		EEC8B9DD2A880A320088B6E9 /* HermesTests.xctest */ = {isa = PBXFileReference; explicitFileType = wrapper.cfbundle; includeInIndex = 0; path = HermesTests.xctest; sourceTree = BUILT_PRODUCTS_DIR; };
		EEC8B9E12A880A320088B6E9 /* HermesTests.swift */ = {isa = PBXFileReference; lastKnownFileType = sourcecode.swift; path = HermesTests.swift; sourceTree = "<group>"; };
		EEC8B9E72A880A320088B6E9 /* HermesUITests.xctest */ = {isa = PBXFileReference; explicitFileType = wrapper.cfbundle; includeInIndex = 0; path = HermesUITests.xctest; sourceTree = BUILT_PRODUCTS_DIR; };
		EEC8B9EB2A880A320088B6E9 /* HermesUITests.swift */ = {isa = PBXFileReference; lastKnownFileType = sourcecode.swift; path = HermesUITests.swift; sourceTree = "<group>"; };
		EEC8B9ED2A880A320088B6E9 /* HermesUITestsLaunchTests.swift */ = {isa = PBXFileReference; lastKnownFileType = sourcecode.swift; path = HermesUITestsLaunchTests.swift; sourceTree = "<group>"; };
/* End PBXFileReference section */

/* Begin PBXFrameworksBuildPhase section */
		EEC8B9CA2A880A280088B6E9 /* Frameworks */ = {
			isa = PBXFrameworksBuildPhase;
			buildActionMask = 2147483647;
			files = (
			);
			runOnlyForDeploymentPostprocessing = 0;
		};
		EEC8B9DA2A880A320088B6E9 /* Frameworks */ = {
			isa = PBXFrameworksBuildPhase;
			buildActionMask = 2147483647;
			files = (
			);
			runOnlyForDeploymentPostprocessing = 0;
		};
		EEC8B9E42A880A320088B6E9 /* Frameworks */ = {
			isa = PBXFrameworksBuildPhase;
			buildActionMask = 2147483647;
			files = (
			);
			runOnlyForDeploymentPostprocessing = 0;
		};
/* End PBXFrameworksBuildPhase section */

/* Begin PBXGroup section */
		EEC8B9C42A880A280088B6E9 = {
			isa = PBXGroup;
			children = (
				EEC8B9CF2A880A280088B6E9 /* Hermes */,
				EEC8B9E02A880A320088B6E9 /* HermesTests */,
				EEC8B9EA2A880A320088B6E9 /* HermesUITests */,
				EEC8B9CE2A880A280088B6E9 /* Products */,
			);
			sourceTree = "<group>";
		};
		EEC8B9CE2A880A280088B6E9 /* Products */ = {
			isa = PBXGroup;
			children = (
				EEC8B9CD2A880A280088B6E9 /* Hermes.app */,
				EEC8B9DD2A880A320088B6E9 /* HermesTests.xctest */,
				EEC8B9E72A880A320088B6E9 /* HermesUITests.xctest */,
			);
			name = Products;
			sourceTree = "<group>";
		};
		EEC8B9CF2A880A280088B6E9 /* Hermes */ = {
			isa = PBXGroup;
			children = (
				EEC8B9D02A880A280088B6E9 /* HermesApp.swift */,
				EEC8B9D22A880A280088B6E9 /* ContentView.swift */,
				EEC8B9D42A880A310088B6E9 /* Assets.xcassets */,
				EEC8B9D62A880A310088B6E9 /* Preview Content */,
			);
			path = Hermes;
			sourceTree = "<group>";
		};
		EEC8B9D62A880A310088B6E9 /* Preview Content */ = {
			isa = PBXGroup;
			children = (
				EEC8B9D72A880A310088B6E9 /* Preview Assets.xcassets */,
			);
			path = "Preview Content";
			sourceTree = "<group>";
		};
		EEC8B9E02A880A320088B6E9 /* HermesTests */ = {
			isa = PBXGroup;
			children = (
				EEC8B9E12A880A320088B6E9 /* HermesTests.swift */,
			);
			path = HermesTests;
			sourceTree = "<group>";
		};
		EEC8B9EA2A880A320088B6E9 /* HermesUITests */ = {
			isa = PBXGroup;
			children = (
				EEC8B9EB2A880A320088B6E9 /* HermesUITests.swift */,
				EEC8B9ED2A880A320088B6E9 /* HermesUITestsLaunchTests.swift */,
			);
			path = HermesUITests;
			sourceTree = "<group>";
		};
/* End PBXGroup section */

/* Begin PBXNativeTarget section */
		EEC8B9CC2A880A280088B6E9 /* Hermes */ = {
			isa = PBXNativeTarget;
			buildConfigurationList = EEC8B9F12A880A320088B6E9 /* Build configuration list for PBXNativeTarget "Hermes" */;
			buildPhases = (
				EEC8B9C92A880A280088B6E9 /* Sources */,
				EEC8B9CA2A880A280088B6E9 /* Frameworks */,
				EEC8B9CB2A880A280088B6E9 /* Resources */,
			);
			buildRules = (
			);
			dependencies = (
			);
			name = Hermes;
			productName = Hermes;
			productReference = EEC8B9CD2A880A280088B6E9 /* Hermes.app */;
			productType = "com.apple.product-type.application";
		};
		EEC8B9DC2A880A320088B6E9 /* HermesTests */ = {
			isa = PBXNativeTarget;
			buildConfigurationList = EEC8B9F42A880A320088B6E9 /* Build configuration list for PBXNativeTarget "HermesTests" */;
			buildPhases = (
				EEC8B9D92A880A320088B6E9 /* Sources */,
				EEC8B9DA2A880A320088B6E9 /* Frameworks */,
				EEC8B9DB2A880A320088B6E9 /* Resources */,
			);
			buildRules = (
			);
			dependencies = (
				EEC8B9DF2A880A320088B6E9 /* PBXTargetDependency */,
			);
			name = HermesTests;
			productName = HermesTests;
			productReference = EEC8B9DD2A880A320088B6E9 /* HermesTests.xctest */;
			productType = "com.apple.product-type.bundle.unit-test";
		};
		EEC8B9E62A880A320088B6E9 /* HermesUITests */ = {
			isa = PBXNativeTarget;
			buildConfigurationList = EEC8B9F72A880A320088B6E9 /* Build configuration list for PBXNativeTarget "HermesUITests" */;
			buildPhases = (
				EEC8B9E32A880A320088B6E9 /* Sources */,
				EEC8B9E42A880A320088B6E9 /* Frameworks */,
				EEC8B9E52A880A320088B6E9 /* Resources */,
			);
			buildRules = (
			);
			dependencies = (
				EEC8B9E92A880A320088B6E9 /* PBXTargetDependency */,
			);
			name = HermesUITests;
			productName = HermesUITests;
			productReference = EEC8B9E72A880A320088B6E9 /* HermesUITests.xctest */;
			productType = "com.apple.product-type.bundle.ui-testing";
		};
/* End PBXNativeTarget section */

/* Begin PBXProject section */
		EEC8B9C52A880A280088B6E9 /* Project object */ = {
			isa = PBXProject;
			attributes = {
				BuildIndependentTargetsInParallel = 1;
				LastSwiftUpdateCheck = 1500;
				LastUpgradeCheck = 1500;
				TargetAttributes = {
					EEC8B9CC2A880A280088B6E9 = {
						CreatedOnToolsVersion = 15.0;
					};
					EEC8B9DC2A880A320088B6E9 = {
						CreatedOnToolsVersion = 15.0;
						TestTargetID = EEC8B9CC2A880A280088B6E9;
					};
					EEC8B9E62A880A320088B6E9 = {
						CreatedOnToolsVersion = 15.0;
						TestTargetID = EEC8B9CC2A880A280088B6E9;
					};
				};
			};
			buildConfigurationList = EEC8B9C82A880A280088B6E9 /* Build configuration list for PBXProject "Hermes" */;
			compatibilityVersion = "Xcode 14.0";
			developmentRegion = en;
			hasScannedForEncodings = 0;
			knownRegions = (
				en,
				Base,
			);
			mainGroup = EEC8B9C42A880A280088B6E9;
			productRefGroup = EEC8B9CE2A880A280088B6E9 /* Products */;
			projectDirPath = "";
			projectRoot = "";
			targets = (
				EEC8B9CC2A880A280088B6E9 /* Hermes */,
				EEC8B9DC2A880A320088B6E9 /* HermesTests */,
				EEC8B9E62A880A320088B6E9 /* HermesUITests */,
			);
		};
/* End PBXProject section */

/* Begin PBXResourcesBuildPhase section */
		EEC8B9CB2A880A280088B6E9 /* Resources */ = {
			isa = PBXResourcesBuildPhase;
			buildActionMask = 2147483647;
			files = (
				EEC8B9D82A880A310088B6E9 /* Preview Assets.xcassets in Resources */,
				EEC8B9D52A880A310088B6E9 /* Assets.xcassets in Resources */,
			);
			runOnlyForDeploymentPostprocessing = 0;
		};
		EEC8B9DB2A880A320088B6E9 /* Resources */ = {
			isa = PBXResourcesBuildPhase;
			buildActionMask = 2147483647;
			files = (
			);
			runOnlyForDeploymentPostprocessing = 0;
		};
		EEC8B9E52A880A320088B6E9 /* Resources */ = {
			isa = PBXResourcesBuildPhase;
			buildActionMask = 2147483647;
			files = (
			);
			runOnlyForDeploymentPostprocessing = 0;
		};
/* End PBXResourcesBuildPhase section */

/* Begin PBXSourcesBuildPhase section */
		EEC8B9C92A880A280088B6E9 /* Sources */ = {
			isa = PBXSourcesBuildPhase;
			buildActionMask = 2147483647;
			files = (
				EEC8B9D32A880A280088B6E9 /* ContentView.swift in Sources */,
				EEC8B9D12A880A280088B6E9 /* HermesApp.swift in Sources */,
			);
			runOnlyForDeploymentPostprocessing = 0;
		};
		EEC8B9D92A880A320088B6E9 /* Sources */ = {
			isa = PBXSourcesBuildPhase;
			buildActionMask = 2147483647;
			files = (
				EEC8B9E22A880A320088B6E9 /* HermesTests.swift in Sources */,
			);
			runOnlyForDeploymentPostprocessing = 0;
		};
		EEC8B9E32A880A320088B6E9 /* Sources */ = {
			isa = PBXSourcesBuildPhase;
			buildActionMask = 2147483647;
			files = (
				EEC8B9EE2A880A320088B6E9 /* HermesUITestsLaunchTests.swift in Sources */,
				EEC8B9EC2A880A320088B6E9 /* HermesUITests.swift in Sources */,
			);
			runOnlyForDeploymentPostprocessing = 0;
		};
/* End PBXSourcesBuildPhase section */

/* Begin PBXTargetDependency section */
		EEC8B9DF2A880A320088B6E9 /* PBXTargetDependency */ = {
			isa = PBXTargetDependency;
			target = EEC8B9CC2A880A280088B6E9 /* Hermes */;
			targetProxy = EEC8B9DE2A880A320088B6E9 /* PBXContainerItemProxy */;
		};
		EEC8B9E92A880A320088B6E9 /* PBXTargetDependency */ = {
			isa = PBXTargetDependency;
			target = EEC8B9CC2A880A280088B6E9 /* Hermes */;
			targetProxy = EEC8B9E82A880A320088B6E9 /* PBXContainerItemProxy */;
		};
/* End PBXTargetDependency section */

/* Begin XCBuildConfiguration section */
		EEC8B9EF2A880A320088B6E9 /* Debug */ = {
			isa = XCBuildConfiguration;
			buildSettings = {
				ALWAYS_SEARCH_USER_PATHS = NO;
				ASSETCATALOG_COMPILER_GENERATE_SWIFT_ASSET_SYMBOL_EXTENSIONS = YES;
				CLANG_ANALYZER_NONNULL = YES;
				CLANG_ANALYZER_NUMBER_OBJECT_CONVERSION = YES_AGGRESSIVE;
				CLANG_CXX_LANGUAGE_STANDARD = "gnu++20";
				CLANG_ENABLE_MODULES = YES;
				CLANG_ENABLE_OBJC_ARC = YES;
				CLANG_ENABLE_OBJC_WEAK = YES;
				CLANG_WARN_BLOCK_CAPTURE_AUTORELEASING = YES;
				CLANG_WARN_BOOL_CONVERSION = YES;
				CLANG_WARN_COMMA = YES;
				CLANG_WARN_CONSTANT_CONVERSION = YES;
				CLANG_WARN_DEPRECATED_OBJC_IMPLEMENTATIONS = YES;
				CLANG_WARN_DIRECT_OBJC_ISA_USAGE = YES_ERROR;
				CLANG_WARN_DOCUMENTATION_COMMENTS = YES;
				CLANG_WARN_EMPTY_BODY = YES;
				CLANG_WARN_ENUM_CONVERSION = YES;
				CLANG_WARN_INFINITE_RECURSION = YES;
				CLANG_WARN_INT_CONVERSION = YES;
				CLANG_WARN_NON_LITERAL_NULL_CONVERSION = YES;
				CLANG_WARN_OBJC_IMPLICIT_RETAIN_SELF = YES;
				CLANG_WARN_OBJC_LITERAL_CONVERSION = YES;
				CLANG_WARN_OBJC_ROOT_CLASS = YES_ERROR;
				CLANG_WARN_QUOTED_INCLUDE_IN_FRAMEWORK_HEADER = YES;
				CLANG_WARN_RANGE_LOOP_ANALYSIS = YES;
				CLANG_WARN_STRICT_PROTOTYPES = YES;
				CLANG_WARN_SUSPICIOUS_MOVE = YES;
				CLANG_WARN_UNGUARDED_AVAILABILITY = YES_AGGRESSIVE;
				CLANG_WARN_UNREACHABLE_CODE = YES;
				CLANG_WARN__DUPLICATE_METHOD_MATCH = YES;
				COPY_PHASE_STRIP = NO;
				DEBUG_INFORMATION_FORMAT = dwarf;
				ENABLE_STRICT_OBJC_MSGSEND = YES;
				ENABLE_TESTABILITY = YES;
				ENABLE_USER_SCRIPT_SANDBOXING = YES;
				GCC_C_LANGUAGE_STANDARD = gnu17;
				GCC_DYNAMIC_NO_PIC = NO;
				GCC_NO_COMMON_BLOCKS = YES;
				GCC_OPTIMIZATION_LEVEL = 0;
				GCC_PREPROCESSOR_DEFINITIONS = (
					"DEBUG=1",
					"$(inherited)",
				);
				GCC_WARN_64_TO_32_BIT_CONVERSION = YES;
				GCC_WARN_ABOUT_RETURN_TYPE = YES_ERROR;
				GCC_WARN_UNDECLARED_SELECTOR = YES;
				GCC_WARN_UNINITIALIZED_AUTOS = YES_AGGRESSIVE;
				GCC_WARN_UNUSED_FUNCTION = YES;
				GCC_WARN_UNUSED_VARIABLE = YES;
				IPHONEOS_DEPLOYMENT_TARGET = 17.0;
				LOCALIZATION_PREFERS_STRING_CATALOGS = YES;
				MTL_ENABLE_DEBUG_INFO = INCLUDE_SOURCE;
				MTL_FAST_MATH = YES;
				ONLY_ACTIVE_ARCH = YES;
				SDKROOT = iphoneos;
				SWIFT_ACTIVE_COMPILATION_CONDITIONS = "DEBUG $(inherited)";
				SWIFT_OPTIMIZATION_LEVEL = "-Onone";
			};
			name = Debug;
		};
		EEC8B9F02A880A320088B6E9 /* Release */ = {
			isa = XCBuildConfiguration;
			buildSettings = {
				ALWAYS_SEARCH_USER_PATHS = NO;
				ASSETCATALOG_COMPILER_GENERATE_SWIFT_ASSET_SYMBOL_EXTENSIONS = YES;
				CLANG_ANALYZER_NONNULL = YES;
				CLANG_ANALYZER_NUMBER_OBJECT_CONVERSION = YES_AGGRESSIVE;
				CLANG_CXX_LANGUAGE_STANDARD = "gnu++20";
				CLANG_ENABLE_MODULES = YES;
				CLANG_ENABLE_OBJC_ARC = YES;
				CLANG_ENABLE_OBJC_WEAK = YES;
				CLANG_WARN_BLOCK_CAPTURE_AUTORELEASING = YES;
				CLANG_WARN_BOOL_CONVERSION = YES;
				CLANG_WARN_COMMA = YES;
				CLANG_WARN_CONSTANT_CONVERSION = YES;
				CLANG_WARN_DEPRECATED_OBJC_IMPLEMENTATIONS = YES;
				CLANG_WARN_DIRECT_OBJC_ISA_USAGE = YES_ERROR;
				CLANG_WARN_DOCUMENTATION_COMMENTS = YES;
				CLANG_WARN_EMPTY_BODY = YES;
				CLANG_WARN_ENUM_CONVERSION = YES;
				CLANG_WARN_INFINITE_RECURSION = YES;
				CLANG_WARN_INT_CONVERSION = YES;
				CLANG_WARN_NON_LITERAL_NULL_CONVERSION = YES;
				CLANG_WARN_OBJC_IMPLICIT_RETAIN_SELF = YES;
				CLANG_WARN_OBJC_LITERAL_CONVERSION = YES;
				CLANG_WARN_OBJC_ROOT_CLASS = YES_ERROR;
				CLANG_WARN_QUOTED_INCLUDE_IN_FRAMEWORK_HEADER = YES;
				CLANG_WARN_RANGE_LOOP_ANALYSIS = YES;
				CLANG_WARN_STRICT_PROTOTYPES = YES;
				CLANG_WARN_SUSPICIOUS_MOVE = YES;
				CLANG_WARN_UNGUARDED_AVAILABILITY = YES_AGGRESSIVE;
				CLANG_WARN_UNREACHABLE_CODE = YES;
				CLANG_WARN__DUPLICATE_METHOD_MATCH = YES;
				COPY_PHASE_STRIP = NO;
				DEBUG_INFORMATION_FORMAT = "dwarf-with-dsym";
				ENABLE_NS_ASSERTIONS = NO;
				ENABLE_STRICT_OBJC_MSGSEND = YES;
				ENABLE_USER_SCRIPT_SANDBOXING = YES;
				GCC_C_LANGUAGE_STANDARD = gnu17;
				GCC_NO_COMMON_BLOCKS = YES;
				GCC_WARN_64_TO_32_BIT_CONVERSION = YES;
				GCC_WARN_ABOUT_RETURN_TYPE = YES_ERROR;
				GCC_WARN_UNDECLARED_SELECTOR = YES;
				GCC_WARN_UNINITIALIZED_AUTOS = YES_AGGRESSIVE;
				GCC_WARN_UNUSED_FUNCTION = YES;
				GCC_WARN_UNUSED_VARIABLE = YES;
				IPHONEOS_DEPLOYMENT_TARGET = 17.0;
				LOCALIZATION_PREFERS_STRING_CATALOGS = YES;
				MTL_ENABLE_DEBUG_INFO = NO;
				MTL_FAST_MATH = YES;
				SDKROOT = iphoneos;
				SWIFT_COMPILATION_MODE = wholemodule;
				VALIDATE_PRODUCT = YES;
			};
			name = Release;
		};
		EEC8B9F22A880A320088B6E9 /* Debug */ = {
			isa = XCBuildConfiguration;
			buildSettings = {
				ASSETCATALOG_COMPILER_APPICON_NAME = AppIcon;
				ASSETCATALOG_COMPILER_GLOBAL_ACCENT_COLOR_NAME = AccentColor;
				CODE_SIGN_STYLE = Automatic;
				CURRENT_PROJECT_VERSION = 1;
				DEVELOPMENT_ASSET_PATHS = "\"Hermes/Preview Content\"";
				DEVELOPMENT_TEAM = 3K22YJAJ77;
				ENABLE_PREVIEWS = YES;
				GENERATE_INFOPLIST_FILE = YES;
				INFOPLIST_KEY_UIApplicationSceneManifest_Generation = YES;
				INFOPLIST_KEY_UIApplicationSupportsIndirectInputEvents = YES;
				INFOPLIST_KEY_UILaunchScreen_Generation = YES;
				INFOPLIST_KEY_UISupportedInterfaceOrientations_iPad = "UIInterfaceOrientationPortrait UIInterfaceOrientationPortraitUpsideDown UIInterfaceOrientationLandscapeLeft UIInterfaceOrientationLandscapeRight";
				INFOPLIST_KEY_UISupportedInterfaceOrientations_iPhone = "UIInterfaceOrientationPortrait UIInterfaceOrientationLandscapeLeft UIInterfaceOrientationLandscapeRight";
				LD_RUNPATH_SEARCH_PATHS = (
					"$(inherited)",
					"@executable_path/Frameworks",
				);
				MARKETING_VERSION = 1.0;
				PRODUCT_BUNDLE_IDENTIFIER = com.coryginsberg.Hermes;
				PRODUCT_NAME = "$(TARGET_NAME)";
				SWIFT_EMIT_LOC_STRINGS = YES;
				SWIFT_VERSION = 5.0;
				TARGETED_DEVICE_FAMILY = "1,2";
			};
			name = Debug;
		};
		EEC8B9F32A880A320088B6E9 /* Release */ = {
			isa = XCBuildConfiguration;
			buildSettings = {
				ASSETCATALOG_COMPILER_APPICON_NAME = AppIcon;
				ASSETCATALOG_COMPILER_GLOBAL_ACCENT_COLOR_NAME = AccentColor;
				CODE_SIGN_STYLE = Automatic;
				CURRENT_PROJECT_VERSION = 1;
				DEVELOPMENT_ASSET_PATHS = "\"Hermes/Preview Content\"";
				DEVELOPMENT_TEAM = 3K22YJAJ77;
				ENABLE_PREVIEWS = YES;
				GENERATE_INFOPLIST_FILE = YES;
				INFOPLIST_KEY_UIApplicationSceneManifest_Generation = YES;
				INFOPLIST_KEY_UIApplicationSupportsIndirectInputEvents = YES;
				INFOPLIST_KEY_UILaunchScreen_Generation = YES;
				INFOPLIST_KEY_UISupportedInterfaceOrientations_iPad = "UIInterfaceOrientationPortrait UIInterfaceOrientationPortraitUpsideDown UIInterfaceOrientationLandscapeLeft UIInterfaceOrientationLandscapeRight";
				INFOPLIST_KEY_UISupportedInterfaceOrientations_iPhone = "UIInterfaceOrientationPortrait UIInterfaceOrientationLandscapeLeft UIInterfaceOrientationLandscapeRight";
				LD_RUNPATH_SEARCH_PATHS = (
					"$(inherited)",
					"@executable_path/Frameworks",
				);
				MARKETING_VERSION = 1.0;
				PRODUCT_BUNDLE_IDENTIFIER = com.coryginsberg.Hermes;
				PRODUCT_NAME = "$(TARGET_NAME)";
				SWIFT_EMIT_LOC_STRINGS = YES;
				SWIFT_VERSION = 5.0;
				TARGETED_DEVICE_FAMILY = "1,2";
			};
			name = Release;
		};
		EEC8B9F52A880A320088B6E9 /* Debug */ = {
			isa = XCBuildConfiguration;
			buildSettings = {
				ALWAYS_EMBED_SWIFT_STANDARD_LIBRARIES = YES;
				BUNDLE_LOADER = "$(TEST_HOST)";
				CODE_SIGN_STYLE = Automatic;
				CURRENT_PROJECT_VERSION = 1;
				DEVELOPMENT_TEAM = 3K22YJAJ77;
				GENERATE_INFOPLIST_FILE = YES;
				IPHONEOS_DEPLOYMENT_TARGET = 17.0;
				MARKETING_VERSION = 1.0;
				PRODUCT_BUNDLE_IDENTIFIER = com.coryginsberg.HermesTests;
				PRODUCT_NAME = "$(TARGET_NAME)";
				SWIFT_EMIT_LOC_STRINGS = NO;
				SWIFT_VERSION = 5.0;
				TARGETED_DEVICE_FAMILY = "1,2";
				TEST_HOST = "$(BUILT_PRODUCTS_DIR)/Hermes.app/$(BUNDLE_EXECUTABLE_FOLDER_PATH)/Hermes";
			};
			name = Debug;
		};
		EEC8B9F62A880A320088B6E9 /* Release */ = {
			isa = XCBuildConfiguration;
			buildSettings = {
				ALWAYS_EMBED_SWIFT_STANDARD_LIBRARIES = YES;
				BUNDLE_LOADER = "$(TEST_HOST)";
				CODE_SIGN_STYLE = Automatic;
				CURRENT_PROJECT_VERSION = 1;
				DEVELOPMENT_TEAM = 3K22YJAJ77;
				GENERATE_INFOPLIST_FILE = YES;
				IPHONEOS_DEPLOYMENT_TARGET = 17.0;
				MARKETING_VERSION = 1.0;
				PRODUCT_BUNDLE_IDENTIFIER = com.coryginsberg.HermesTests;
				PRODUCT_NAME = "$(TARGET_NAME)";
				SWIFT_EMIT_LOC_STRINGS = NO;
				SWIFT_VERSION = 5.0;
				TARGETED_DEVICE_FAMILY = "1,2";
				TEST_HOST = "$(BUILT_PRODUCTS_DIR)/Hermes.app/$(BUNDLE_EXECUTABLE_FOLDER_PATH)/Hermes";
			};
			name = Release;
		};
		EEC8B9F82A880A320088B6E9 /* Debug */ = {
			isa = XCBuildConfiguration;
			buildSettings = {
				ALWAYS_EMBED_SWIFT_STANDARD_LIBRARIES = YES;
				CODE_SIGN_STYLE = Automatic;
				CURRENT_PROJECT_VERSION = 1;
				DEVELOPMENT_TEAM = 3K22YJAJ77;
				GENERATE_INFOPLIST_FILE = YES;
				MARKETING_VERSION = 1.0;
				PRODUCT_BUNDLE_IDENTIFIER = com.coryginsberg.HermesUITests;
				PRODUCT_NAME = "$(TARGET_NAME)";
				SWIFT_EMIT_LOC_STRINGS = NO;
				SWIFT_VERSION = 5.0;
				TARGETED_DEVICE_FAMILY = "1,2";
				TEST_TARGET_NAME = Hermes;
			};
			name = Debug;
		};
		EEC8B9F92A880A320088B6E9 /* Release */ = {
			isa = XCBuildConfiguration;
			buildSettings = {
				ALWAYS_EMBED_SWIFT_STANDARD_LIBRARIES = YES;
				CODE_SIGN_STYLE = Automatic;
				CURRENT_PROJECT_VERSION = 1;
				DEVELOPMENT_TEAM = 3K22YJAJ77;
				GENERATE_INFOPLIST_FILE = YES;
				MARKETING_VERSION = 1.0;
				PRODUCT_BUNDLE_IDENTIFIER = com.coryginsberg.HermesUITests;
				PRODUCT_NAME = "$(TARGET_NAME)";
				SWIFT_EMIT_LOC_STRINGS = NO;
				SWIFT_VERSION = 5.0;
				TARGETED_DEVICE_FAMILY = "1,2";
				TEST_TARGET_NAME = Hermes;
			};
			name = Release;
		};
/* End XCBuildConfiguration section */

/* Begin XCConfigurationList section */
		EEC8B9C82A880A280088B6E9 /* Build configuration list for PBXProject "Hermes" */ = {
			isa = XCConfigurationList;
			buildConfigurations = (
				EEC8B9EF2A880A320088B6E9 /* Debug */,
				EEC8B9F02A880A320088B6E9 /* Release */,
			);
			defaultConfigurationIsVisible = 0;
			defaultConfigurationName = Release;
		};
		EEC8B9F12A880A320088B6E9 /* Build configuration list for PBXNativeTarget "Hermes" */ = {
			isa = XCConfigurationList;
			buildConfigurations = (
				EEC8B9F22A880A320088B6E9 /* Debug */,
				EEC8B9F32A880A320088B6E9 /* Release */,
			);
			defaultConfigurationIsVisible = 0;
			defaultConfigurationName = Release;
		};
		EEC8B9F42A880A320088B6E9 /* Build configuration list for PBXNativeTarget "HermesTests" */ = {
			isa = XCConfigurationList;
			buildConfigurations = (
				EEC8B9F52A880A320088B6E9 /* Debug */,
				EEC8B9F62A880A320088B6E9 /* Release */,
			);
			defaultConfigurationIsVisible = 0;
			defaultConfigurationName = Release;
		};
		EEC8B9F72A880A320088B6E9 /* Build configuration list for PBXNativeTarget "HermesUITests" */ = {
			isa = XCConfigurationList;
			buildConfigurations = (
				EEC8B9F82A880A320088B6E9 /* Debug */,
				EEC8B9F92A880A320088B6E9 /* Release */,
			);
			defaultConfigurationIsVisible = 0;
			defaultConfigurationName = Release;
		};
/* End XCConfigurationList section */
	};
	rootObject = EEC8B9C52A880A280088B6E9 /* Project object */;
}
