// !$*UTF8*$!
{
	archiveVersion = 1;
	classes = {
	};
	objectVersion = 56;
	objects = {

/* Begin PBXBuildFile section */
		EE05F64928E789C500E03740 /* Hacker_NewsApp.swift in Sources */ = {isa = PBXBuildFile; fileRef = EE05F64828E789C500E03740 /* Hacker_NewsApp.swift */; };
		EE05F64B28E789C500E03740 /* ContentView.swift in Sources */ = {isa = PBXBuildFile; fileRef = EE05F64A28E789C500E03740 /* ContentView.swift */; };
		EE05F64D28E789CC00E03740 /* Assets.xcassets in Resources */ = {isa = PBXBuildFile; fileRef = EE05F64C28E789CC00E03740 /* Assets.xcassets */; };
		EE05F65028E789CC00E03740 /* Preview Assets.xcassets in Resources */ = {isa = PBXBuildFile; fileRef = EE05F64F28E789CC00E03740 /* Preview Assets.xcassets */; };
		EE5BB5A628F4CAEF00026356 /* Database+Extensions.swift in Sources */ = {isa = PBXBuildFile; fileRef = EE5BB5A528F4CAEF00026356 /* Database+Extensions.swift */; };
		EE5BB5A728F4CAEF00026356 /* Database+Extensions.swift in Sources */ = {isa = PBXBuildFile; fileRef = EE5BB5A528F4CAEF00026356 /* Database+Extensions.swift */; };
		EE5BB5A828F4CAEF00026356 /* Database+Extensions.swift in Sources */ = {isa = PBXBuildFile; fileRef = EE5BB5A528F4CAEF00026356 /* Database+Extensions.swift */; };
		EE5BB5AE28F4CFC800026356 /* LICENSE.md in Resources */ = {isa = PBXBuildFile; fileRef = EE5BB5AD28F4CFC800026356 /* LICENSE.md */; };
		EE5BB5AF28F4CFC800026356 /* LICENSE.md in Resources */ = {isa = PBXBuildFile; fileRef = EE5BB5AD28F4CFC800026356 /* LICENSE.md */; };
		EE5BB5B028F4CFC800026356 /* LICENSE.md in Resources */ = {isa = PBXBuildFile; fileRef = EE5BB5AD28F4CFC800026356 /* LICENSE.md */; };
		EE5BB5B228F4CFCF00026356 /* README.md in Resources */ = {isa = PBXBuildFile; fileRef = EE5BB5B128F4CFCE00026356 /* README.md */; };
		EE5BB5B328F4CFCF00026356 /* README.md in Resources */ = {isa = PBXBuildFile; fileRef = EE5BB5B128F4CFCE00026356 /* README.md */; };
		EE5BB5B428F4CFCF00026356 /* README.md in Resources */ = {isa = PBXBuildFile; fileRef = EE5BB5B128F4CFCE00026356 /* README.md */; };
		EE5BB5B628F4CFDE00026356 /* .gitignore in Resources */ = {isa = PBXBuildFile; fileRef = EE5BB5B528F4CFDE00026356 /* .gitignore */; };
		EE5BB5B728F4CFDE00026356 /* .gitignore in Resources */ = {isa = PBXBuildFile; fileRef = EE5BB5B528F4CFDE00026356 /* .gitignore */; };
		EE5BB5B828F4CFDE00026356 /* .gitignore in Resources */ = {isa = PBXBuildFile; fileRef = EE5BB5B528F4CFDE00026356 /* .gitignore */; };
		EE5BB5BB28F4D22500026356 /* PostsView.swift in Sources */ = {isa = PBXBuildFile; fileRef = EE5BB5BA28F4D22500026356 /* PostsView.swift */; };
		EE5BB5BC28F4D22500026356 /* PostsView.swift in Sources */ = {isa = PBXBuildFile; fileRef = EE5BB5BA28F4D22500026356 /* PostsView.swift */; };
		EE5BB5BD28F4D22500026356 /* PostsView.swift in Sources */ = {isa = PBXBuildFile; fileRef = EE5BB5BA28F4D22500026356 /* PostsView.swift */; };
		EE5BB5BF28F4D8E100026356 /* GoogleService-Info.plist in Resources */ = {isa = PBXBuildFile; fileRef = EE5BB5BE28F4D8E000026356 /* GoogleService-Info.plist */; };
		EE84227E28E8C92F00C20E55 /* HackerNewsAPI.swift in Sources */ = {isa = PBXBuildFile; fileRef = EE84227D28E8C92F00C20E55 /* HackerNewsAPI.swift */; };
		EEE6F2E528F5CC6100C6C1B2 /* SettingsView.swift in Sources */ = {isa = PBXBuildFile; fileRef = EEE6F2E428F5CC6100C6C1B2 /* SettingsView.swift */; };
		EEE6F2E728F5F69D00C6C1B2 /* ProfileView.swift in Sources */ = {isa = PBXBuildFile; fileRef = EEE6F2E628F5F69D00C6C1B2 /* ProfileView.swift */; };
		EEE6F2E928F5F7D000C6C1B2 /* InboxView.swift in Sources */ = {isa = PBXBuildFile; fileRef = EEE6F2E828F5F7D000C6C1B2 /* InboxView.swift */; };
		EEF3D1EF28F0C1F800A28582 /* Alamofire in Frameworks */ = {isa = PBXBuildFile; productRef = EEF3D1EE28F0C1F800A28582 /* Alamofire */; };
		EEF3D1F428F0C42200A28582 /* HNAPITypes.swift in Sources */ = {isa = PBXBuildFile; fileRef = EEF3D1F328F0C42200A28582 /* HNAPITypes.swift */; };
		EEF3D1F728F0D29500A28582 /* FirebaseDatabaseSwift in Frameworks */ = {isa = PBXBuildFile; productRef = EEF3D1F628F0D29500A28582 /* FirebaseDatabaseSwift */; };
/* End PBXBuildFile section */

/* Begin PBXContainerItemProxy section */
		EE05F65B28E789CD00E03740 /* PBXContainerItemProxy */ = {
			isa = PBXContainerItemProxy;
			containerPortal = EE05F63D28E789C500E03740 /* Project object */;
			proxyType = 1;
			remoteGlobalIDString = EE05F64428E789C500E03740;
			remoteInfo = "Hacker News";
		};
		EE05F66528E789CD00E03740 /* PBXContainerItemProxy */ = {
			isa = PBXContainerItemProxy;
			containerPortal = EE05F63D28E789C500E03740 /* Project object */;
			proxyType = 1;
			remoteGlobalIDString = EE05F64428E789C500E03740;
			remoteInfo = "Hacker News";
		};
/* End PBXContainerItemProxy section */

/* Begin PBXFileReference section */
		EE05F64528E789C500E03740 /* Hacker News.app */ = {isa = PBXFileReference; explicitFileType = wrapper.application; includeInIndex = 0; path = "Hacker News.app"; sourceTree = BUILT_PRODUCTS_DIR; };
		EE05F64828E789C500E03740 /* Hacker_NewsApp.swift */ = {isa = PBXFileReference; lastKnownFileType = sourcecode.swift; path = Hacker_NewsApp.swift; sourceTree = "<group>"; };
		EE05F64A28E789C500E03740 /* ContentView.swift */ = {isa = PBXFileReference; lastKnownFileType = sourcecode.swift; path = ContentView.swift; sourceTree = "<group>"; };
		EE05F64C28E789CC00E03740 /* Assets.xcassets */ = {isa = PBXFileReference; lastKnownFileType = folder.assetcatalog; path = Assets.xcassets; sourceTree = "<group>"; };
		EE05F64F28E789CC00E03740 /* Preview Assets.xcassets */ = {isa = PBXFileReference; lastKnownFileType = folder.assetcatalog; path = "Preview Assets.xcassets"; sourceTree = "<group>"; };
		EE05F65A28E789CD00E03740 /* Hacker NewsTests.xctest */ = {isa = PBXFileReference; explicitFileType = wrapper.cfbundle; includeInIndex = 0; path = "Hacker NewsTests.xctest"; sourceTree = BUILT_PRODUCTS_DIR; };
		EE05F66428E789CD00E03740 /* Hacker NewsUITests.xctest */ = {isa = PBXFileReference; explicitFileType = wrapper.cfbundle; includeInIndex = 0; path = "Hacker NewsUITests.xctest"; sourceTree = BUILT_PRODUCTS_DIR; };
		EE5BB5A528F4CAEF00026356 /* Database+Extensions.swift */ = {isa = PBXFileReference; lastKnownFileType = sourcecode.swift; path = "Database+Extensions.swift"; sourceTree = "<group>"; };
		EE5BB5AD28F4CFC800026356 /* LICENSE.md */ = {isa = PBXFileReference; fileEncoding = 4; lastKnownFileType = net.daringfireball.markdown; path = LICENSE.md; sourceTree = "<group>"; };
		EE5BB5B128F4CFCE00026356 /* README.md */ = {isa = PBXFileReference; fileEncoding = 4; lastKnownFileType = net.daringfireball.markdown; path = README.md; sourceTree = "<group>"; };
		EE5BB5B528F4CFDE00026356 /* .gitignore */ = {isa = PBXFileReference; fileEncoding = 4; lastKnownFileType = text; path = .gitignore; sourceTree = "<group>"; };
		EE5BB5BA28F4D22500026356 /* PostsView.swift */ = {isa = PBXFileReference; lastKnownFileType = sourcecode.swift; path = PostsView.swift; sourceTree = "<group>"; };
		EE5BB5BE28F4D8E000026356 /* GoogleService-Info.plist */ = {isa = PBXFileReference; fileEncoding = 4; lastKnownFileType = text.plist.xml; path = "GoogleService-Info.plist"; sourceTree = "<group>"; };
		EE84227D28E8C92F00C20E55 /* HackerNewsAPI.swift */ = {isa = PBXFileReference; lastKnownFileType = sourcecode.swift; path = HackerNewsAPI.swift; sourceTree = "<group>"; };
		EEE6F2E428F5CC6100C6C1B2 /* SettingsView.swift */ = {isa = PBXFileReference; lastKnownFileType = sourcecode.swift; path = SettingsView.swift; sourceTree = "<group>"; };
		EEE6F2E628F5F69D00C6C1B2 /* ProfileView.swift */ = {isa = PBXFileReference; lastKnownFileType = sourcecode.swift; path = ProfileView.swift; sourceTree = "<group>"; };
		EEE6F2E828F5F7D000C6C1B2 /* InboxView.swift */ = {isa = PBXFileReference; lastKnownFileType = sourcecode.swift; path = InboxView.swift; sourceTree = "<group>"; };
		EEF3D1F328F0C42200A28582 /* HNAPITypes.swift */ = {isa = PBXFileReference; lastKnownFileType = sourcecode.swift; path = HNAPITypes.swift; sourceTree = "<group>"; };
/* End PBXFileReference section */

/* Begin PBXFrameworksBuildPhase section */
		EE05F64228E789C500E03740 /* Frameworks */ = {
			isa = PBXFrameworksBuildPhase;
			buildActionMask = 2147483647;
			files = (
				EEF3D1F728F0D29500A28582 /* FirebaseDatabaseSwift in Frameworks */,
				EEF3D1EF28F0C1F800A28582 /* Alamofire in Frameworks */,
			);
			runOnlyForDeploymentPostprocessing = 0;
		};
		EE05F65728E789CD00E03740 /* Frameworks */ = {
			isa = PBXFrameworksBuildPhase;
			buildActionMask = 2147483647;
			files = (
			);
			runOnlyForDeploymentPostprocessing = 0;
		};
		EE05F66128E789CD00E03740 /* Frameworks */ = {
			isa = PBXFrameworksBuildPhase;
			buildActionMask = 2147483647;
			files = (
			);
			runOnlyForDeploymentPostprocessing = 0;
		};
/* End PBXFrameworksBuildPhase section */

/* Begin PBXGroup section */
		EE05F63C28E789C500E03740 = {
			isa = PBXGroup;
			children = (
				EE5BB5B528F4CFDE00026356 /* .gitignore */,
				EE5BB5B128F4CFCE00026356 /* README.md */,
				EE5BB5AD28F4CFC800026356 /* LICENSE.md */,
				EE05F64728E789C500E03740 /* Hacker News */,
				EE05F64628E789C500E03740 /* Products */,
			);
			sourceTree = "<group>";
		};
		EE05F64628E789C500E03740 /* Products */ = {
			isa = PBXGroup;
			children = (
				EE05F64528E789C500E03740 /* Hacker News.app */,
				EE05F65A28E789CD00E03740 /* Hacker NewsTests.xctest */,
				EE05F66428E789CD00E03740 /* Hacker NewsUITests.xctest */,
			);
			name = Products;
			sourceTree = "<group>";
		};
		EE05F64728E789C500E03740 /* Hacker News */ = {
			isa = PBXGroup;
			children = (
				EE5BB5BE28F4D8E000026356 /* GoogleService-Info.plist */,
				EE5BB5B928F4D04600026356 /* Views */,
				EE5BB5A428F4CADE00026356 /* Models */,
				EEF3D1F228F0C41300A28582 /* Helper */,
				EE84227C28E8C8C200C20E55 /* API */,
				EE05F64828E789C500E03740 /* Hacker_NewsApp.swift */,
				EE05F64C28E789CC00E03740 /* Assets.xcassets */,
				EE05F64E28E789CC00E03740 /* Preview Content */,
			);
			path = "Hacker News";
			sourceTree = "<group>";
		};
		EE05F64E28E789CC00E03740 /* Preview Content */ = {
			isa = PBXGroup;
			children = (
				EE05F64F28E789CC00E03740 /* Preview Assets.xcassets */,
			);
			path = "Preview Content";
			sourceTree = "<group>";
		};
		EE5BB5A428F4CADE00026356 /* Models */ = {
			isa = PBXGroup;
			children = (
				EE5BB5A528F4CAEF00026356 /* Database+Extensions.swift */,
			);
			path = Models;
			sourceTree = "<group>";
		};
		EE5BB5B928F4D04600026356 /* Views */ = {
			isa = PBXGroup;
			children = (
				EE05F64A28E789C500E03740 /* ContentView.swift */,
				EE5BB5BA28F4D22500026356 /* PostsView.swift */,
				EEE6F2E428F5CC6100C6C1B2 /* SettingsView.swift */,
				EEE6F2E628F5F69D00C6C1B2 /* ProfileView.swift */,
				EEE6F2E828F5F7D000C6C1B2 /* InboxView.swift */,
			);
			path = Views;
			sourceTree = "<group>";
		};
		EE84227C28E8C8C200C20E55 /* API */ = {
			isa = PBXGroup;
			children = (
				EE84227D28E8C92F00C20E55 /* HackerNewsAPI.swift */,
			);
			path = API;
			sourceTree = "<group>";
		};
		EEF3D1F228F0C41300A28582 /* Helper */ = {
			isa = PBXGroup;
			children = (
				EEF3D1F328F0C42200A28582 /* HNAPITypes.swift */,
			);
			path = Helper;
			sourceTree = "<group>";
		};
/* End PBXGroup section */

/* Begin PBXNativeTarget section */
		EE05F64428E789C500E03740 /* Hacker News */ = {
			isa = PBXNativeTarget;
			buildConfigurationList = EE05F66E28E789CD00E03740 /* Build configuration list for PBXNativeTarget "Hacker News" */;
			buildPhases = (
				EE05F64128E789C500E03740 /* Sources */,
				EE05F64228E789C500E03740 /* Frameworks */,
				EE05F64328E789C500E03740 /* Resources */,
			);
			buildRules = (
			);
			dependencies = (
			);
			name = "Hacker News";
			packageProductDependencies = (
				EEF3D1EE28F0C1F800A28582 /* Alamofire */,
				EEF3D1F628F0D29500A28582 /* FirebaseDatabaseSwift */,
			);
			productName = "Hacker News";
			productReference = EE05F64528E789C500E03740 /* Hacker News.app */;
			productType = "com.apple.product-type.application";
		};
		EE05F65928E789CD00E03740 /* Hacker NewsTests */ = {
			isa = PBXNativeTarget;
			buildConfigurationList = EE05F67128E789CD00E03740 /* Build configuration list for PBXNativeTarget "Hacker NewsTests" */;
			buildPhases = (
				EE05F65628E789CD00E03740 /* Sources */,
				EE05F65728E789CD00E03740 /* Frameworks */,
				EE05F65828E789CD00E03740 /* Resources */,
			);
			buildRules = (
			);
			dependencies = (
				EE05F65C28E789CD00E03740 /* PBXTargetDependency */,
			);
			name = "Hacker NewsTests";
			productName = "Hacker NewsTests";
			productReference = EE05F65A28E789CD00E03740 /* Hacker NewsTests.xctest */;
			productType = "com.apple.product-type.bundle.unit-test";
		};
		EE05F66328E789CD00E03740 /* Hacker NewsUITests */ = {
			isa = PBXNativeTarget;
			buildConfigurationList = EE05F67428E789CD00E03740 /* Build configuration list for PBXNativeTarget "Hacker NewsUITests" */;
			buildPhases = (
				EE05F66028E789CD00E03740 /* Sources */,
				EE05F66128E789CD00E03740 /* Frameworks */,
				EE05F66228E789CD00E03740 /* Resources */,
			);
			buildRules = (
			);
			dependencies = (
				EE05F66628E789CD00E03740 /* PBXTargetDependency */,
			);
			name = "Hacker NewsUITests";
			productName = "Hacker NewsUITests";
			productReference = EE05F66428E789CD00E03740 /* Hacker NewsUITests.xctest */;
			productType = "com.apple.product-type.bundle.ui-testing";
		};
/* End PBXNativeTarget section */

/* Begin PBXProject section */
		EE05F63D28E789C500E03740 /* Project object */ = {
			isa = PBXProject;
			attributes = {
				BuildIndependentTargetsInParallel = 1;
				LastSwiftUpdateCheck = 1410;
				LastUpgradeCheck = 1410;
				TargetAttributes = {
					EE05F64428E789C500E03740 = {
						CreatedOnToolsVersion = 14.1;
					};
					EE05F65928E789CD00E03740 = {
						CreatedOnToolsVersion = 14.1;
						LastSwiftMigration = 1400;
						TestTargetID = EE05F64428E789C500E03740;
					};
					EE05F66328E789CD00E03740 = {
						CreatedOnToolsVersion = 14.1;
						LastSwiftMigration = 1400;
						TestTargetID = EE05F64428E789C500E03740;
					};
				};
			};
			buildConfigurationList = EE05F64028E789C500E03740 /* Build configuration list for PBXProject "Hacker News" */;
			compatibilityVersion = "Xcode 14.0";
			developmentRegion = en;
			hasScannedForEncodings = 0;
			knownRegions = (
				en,
				Base,
			);
			mainGroup = EE05F63C28E789C500E03740;
			packageReferences = (
				EEF3D1ED28F0C1F800A28582 /* XCRemoteSwiftPackageReference "Alamofire" */,
				EEF3D1F528F0D29500A28582 /* XCRemoteSwiftPackageReference "firebase-ios-sdk" */,
			);
			productRefGroup = EE05F64628E789C500E03740 /* Products */;
			projectDirPath = "";
			projectRoot = "";
			targets = (
				EE05F64428E789C500E03740 /* Hacker News */,
				EE05F65928E789CD00E03740 /* Hacker NewsTests */,
				EE05F66328E789CD00E03740 /* Hacker NewsUITests */,
			);
		};
/* End PBXProject section */

/* Begin PBXResourcesBuildPhase section */
		EE05F64328E789C500E03740 /* Resources */ = {
			isa = PBXResourcesBuildPhase;
			buildActionMask = 2147483647;
			files = (
				EE5BB5B628F4CFDE00026356 /* .gitignore in Resources */,
				EE05F65028E789CC00E03740 /* Preview Assets.xcassets in Resources */,
				EE5BB5AE28F4CFC800026356 /* LICENSE.md in Resources */,
				EE5BB5B228F4CFCF00026356 /* README.md in Resources */,
				EE05F64D28E789CC00E03740 /* Assets.xcassets in Resources */,
				EE5BB5BF28F4D8E100026356 /* GoogleService-Info.plist in Resources */,
			);
			runOnlyForDeploymentPostprocessing = 0;
		};
		EE05F65828E789CD00E03740 /* Resources */ = {
			isa = PBXResourcesBuildPhase;
			buildActionMask = 2147483647;
			files = (
				EE5BB5B328F4CFCF00026356 /* README.md in Resources */,
				EE5BB5B728F4CFDE00026356 /* .gitignore in Resources */,
				EE5BB5AF28F4CFC800026356 /* LICENSE.md in Resources */,
			);
			runOnlyForDeploymentPostprocessing = 0;
		};
		EE05F66228E789CD00E03740 /* Resources */ = {
			isa = PBXResourcesBuildPhase;
			buildActionMask = 2147483647;
			files = (
				EE5BB5B428F4CFCF00026356 /* README.md in Resources */,
				EE5BB5B828F4CFDE00026356 /* .gitignore in Resources */,
				EE5BB5B028F4CFC800026356 /* LICENSE.md in Resources */,
			);
			runOnlyForDeploymentPostprocessing = 0;
		};
/* End PBXResourcesBuildPhase section */

/* Begin PBXSourcesBuildPhase section */
		EE05F64128E789C500E03740 /* Sources */ = {
			isa = PBXSourcesBuildPhase;
			buildActionMask = 2147483647;
			files = (
				EEE6F2E728F5F69D00C6C1B2 /* ProfileView.swift in Sources */,
				EEE6F2E528F5CC6100C6C1B2 /* SettingsView.swift in Sources */,
				EE5BB5BB28F4D22500026356 /* PostsView.swift in Sources */,
				EE84227E28E8C92F00C20E55 /* HackerNewsAPI.swift in Sources */,
				EE05F64B28E789C500E03740 /* ContentView.swift in Sources */,
				EEF3D1F428F0C42200A28582 /* HNAPITypes.swift in Sources */,
				EE5BB5A628F4CAEF00026356 /* Database+Extensions.swift in Sources */,
				EEE6F2E928F5F7D000C6C1B2 /* InboxView.swift in Sources */,
				EE05F64928E789C500E03740 /* Hacker_NewsApp.swift in Sources */,
			);
			runOnlyForDeploymentPostprocessing = 0;
		};
		EE05F65628E789CD00E03740 /* Sources */ = {
			isa = PBXSourcesBuildPhase;
			buildActionMask = 2147483647;
			files = (
				EE5BB5A728F4CAEF00026356 /* Database+Extensions.swift in Sources */,
				EE5BB5BC28F4D22500026356 /* PostsView.swift in Sources */,
			);
			runOnlyForDeploymentPostprocessing = 0;
		};
		EE05F66028E789CD00E03740 /* Sources */ = {
			isa = PBXSourcesBuildPhase;
			buildActionMask = 2147483647;
			files = (
				EE5BB5A828F4CAEF00026356 /* Database+Extensions.swift in Sources */,
				EE5BB5BD28F4D22500026356 /* PostsView.swift in Sources */,
			);
			runOnlyForDeploymentPostprocessing = 0;
		};
/* End PBXSourcesBuildPhase section */

/* Begin PBXTargetDependency section */
		EE05F65C28E789CD00E03740 /* PBXTargetDependency */ = {
			isa = PBXTargetDependency;
			target = EE05F64428E789C500E03740 /* Hacker News */;
			targetProxy = EE05F65B28E789CD00E03740 /* PBXContainerItemProxy */;
		};
		EE05F66628E789CD00E03740 /* PBXTargetDependency */ = {
			isa = PBXTargetDependency;
			target = EE05F64428E789C500E03740 /* Hacker News */;
			targetProxy = EE05F66528E789CD00E03740 /* PBXContainerItemProxy */;
		};
/* End PBXTargetDependency section */

/* Begin XCBuildConfiguration section */
		EE05F66C28E789CD00E03740 /* Debug */ = {
			isa = XCBuildConfiguration;
			buildSettings = {
				ALWAYS_SEARCH_USER_PATHS = NO;
				CLANG_ANALYZER_NONNULL = YES;
				CLANG_ANALYZER_NUMBER_OBJECT_CONVERSION = YES_AGGRESSIVE;
				CLANG_CXX_LANGUAGE_STANDARD = "gnu++20";
				CLANG_ENABLE_MODULES = YES;
				CLANG_ENABLE_OBJC_ARC = YES;
				CLANG_ENABLE_OBJC_WEAK = YES;
				CLANG_WARN_BLOCK_CAPTURE_AUTORELEASING = YES;
				CLANG_WARN_BOOL_CONVERSION = YES;
				CLANG_WARN_COMMA = YES;
				CLANG_WARN_CONSTANT_CONVERSION = YES;
				CLANG_WARN_DEPRECATED_OBJC_IMPLEMENTATIONS = YES;
				CLANG_WARN_DIRECT_OBJC_ISA_USAGE = YES_ERROR;
				CLANG_WARN_DOCUMENTATION_COMMENTS = YES;
				CLANG_WARN_EMPTY_BODY = YES;
				CLANG_WARN_ENUM_CONVERSION = YES;
				CLANG_WARN_INFINITE_RECURSION = YES;
				CLANG_WARN_INT_CONVERSION = YES;
				CLANG_WARN_NON_LITERAL_NULL_CONVERSION = YES;
				CLANG_WARN_OBJC_IMPLICIT_RETAIN_SELF = YES;
				CLANG_WARN_OBJC_LITERAL_CONVERSION = YES;
				CLANG_WARN_OBJC_ROOT_CLASS = YES_ERROR;
				CLANG_WARN_QUOTED_INCLUDE_IN_FRAMEWORK_HEADER = YES;
				CLANG_WARN_RANGE_LOOP_ANALYSIS = YES;
				CLANG_WARN_STRICT_PROTOTYPES = YES;
				CLANG_WARN_SUSPICIOUS_MOVE = YES;
				CLANG_WARN_UNGUARDED_AVAILABILITY = YES_AGGRESSIVE;
				CLANG_WARN_UNREACHABLE_CODE = YES;
				CLANG_WARN__DUPLICATE_METHOD_MATCH = YES;
				COPY_PHASE_STRIP = NO;
				DEBUG_INFORMATION_FORMAT = dwarf;
				ENABLE_STRICT_OBJC_MSGSEND = YES;
				ENABLE_TESTABILITY = YES;
				GCC_C_LANGUAGE_STANDARD = gnu11;
				GCC_DYNAMIC_NO_PIC = NO;
				GCC_NO_COMMON_BLOCKS = YES;
				GCC_OPTIMIZATION_LEVEL = 0;
				GCC_PREPROCESSOR_DEFINITIONS = (
					"DEBUG=1",
					"$(inherited)",
				);
				GCC_WARN_64_TO_32_BIT_CONVERSION = YES;
				GCC_WARN_ABOUT_RETURN_TYPE = YES_ERROR;
				GCC_WARN_UNDECLARED_SELECTOR = YES;
				GCC_WARN_UNINITIALIZED_AUTOS = YES_AGGRESSIVE;
				GCC_WARN_UNUSED_FUNCTION = YES;
				GCC_WARN_UNUSED_VARIABLE = YES;
				IPHONEOS_DEPLOYMENT_TARGET = 16.1;
				MTL_ENABLE_DEBUG_INFO = INCLUDE_SOURCE;
				MTL_FAST_MATH = YES;
				ONLY_ACTIVE_ARCH = YES;
				SDKROOT = iphoneos;
				SWIFT_ACTIVE_COMPILATION_CONDITIONS = DEBUG;
				SWIFT_OPTIMIZATION_LEVEL = "-Onone";
			};
			name = Debug;
		};
		EE05F66D28E789CD00E03740 /* Release */ = {
			isa = XCBuildConfiguration;
			buildSettings = {
				ALWAYS_SEARCH_USER_PATHS = NO;
				CLANG_ANALYZER_NONNULL = YES;
				CLANG_ANALYZER_NUMBER_OBJECT_CONVERSION = YES_AGGRESSIVE;
				CLANG_CXX_LANGUAGE_STANDARD = "gnu++20";
				CLANG_ENABLE_MODULES = YES;
				CLANG_ENABLE_OBJC_ARC = YES;
				CLANG_ENABLE_OBJC_WEAK = YES;
				CLANG_WARN_BLOCK_CAPTURE_AUTORELEASING = YES;
				CLANG_WARN_BOOL_CONVERSION = YES;
				CLANG_WARN_COMMA = YES;
				CLANG_WARN_CONSTANT_CONVERSION = YES;
				CLANG_WARN_DEPRECATED_OBJC_IMPLEMENTATIONS = YES;
				CLANG_WARN_DIRECT_OBJC_ISA_USAGE = YES_ERROR;
				CLANG_WARN_DOCUMENTATION_COMMENTS = YES;
				CLANG_WARN_EMPTY_BODY = YES;
				CLANG_WARN_ENUM_CONVERSION = YES;
				CLANG_WARN_INFINITE_RECURSION = YES;
				CLANG_WARN_INT_CONVERSION = YES;
				CLANG_WARN_NON_LITERAL_NULL_CONVERSION = YES;
				CLANG_WARN_OBJC_IMPLICIT_RETAIN_SELF = YES;
				CLANG_WARN_OBJC_LITERAL_CONVERSION = YES;
				CLANG_WARN_OBJC_ROOT_CLASS = YES_ERROR;
				CLANG_WARN_QUOTED_INCLUDE_IN_FRAMEWORK_HEADER = YES;
				CLANG_WARN_RANGE_LOOP_ANALYSIS = YES;
				CLANG_WARN_STRICT_PROTOTYPES = YES;
				CLANG_WARN_SUSPICIOUS_MOVE = YES;
				CLANG_WARN_UNGUARDED_AVAILABILITY = YES_AGGRESSIVE;
				CLANG_WARN_UNREACHABLE_CODE = YES;
				CLANG_WARN__DUPLICATE_METHOD_MATCH = YES;
				COPY_PHASE_STRIP = NO;
				DEBUG_INFORMATION_FORMAT = "dwarf-with-dsym";
				ENABLE_NS_ASSERTIONS = NO;
				ENABLE_STRICT_OBJC_MSGSEND = YES;
				GCC_C_LANGUAGE_STANDARD = gnu11;
				GCC_NO_COMMON_BLOCKS = YES;
				GCC_WARN_64_TO_32_BIT_CONVERSION = YES;
				GCC_WARN_ABOUT_RETURN_TYPE = YES_ERROR;
				GCC_WARN_UNDECLARED_SELECTOR = YES;
				GCC_WARN_UNINITIALIZED_AUTOS = YES_AGGRESSIVE;
				GCC_WARN_UNUSED_FUNCTION = YES;
				GCC_WARN_UNUSED_VARIABLE = YES;
				IPHONEOS_DEPLOYMENT_TARGET = 16.1;
				MTL_ENABLE_DEBUG_INFO = NO;
				MTL_FAST_MATH = YES;
				SDKROOT = iphoneos;
				SWIFT_COMPILATION_MODE = wholemodule;
				SWIFT_OPTIMIZATION_LEVEL = "-O";
				VALIDATE_PRODUCT = YES;
			};
			name = Release;
		};
		EE05F66F28E789CD00E03740 /* Debug */ = {
			isa = XCBuildConfiguration;
			buildSettings = {
				ASSETCATALOG_COMPILER_APPICON_NAME = AppIcon;
				ASSETCATALOG_COMPILER_GLOBAL_ACCENT_COLOR_NAME = AccentColor;
				CODE_SIGN_STYLE = Automatic;
				CURRENT_PROJECT_VERSION = 1;
				DEVELOPMENT_ASSET_PATHS = "\"Hacker News/Preview Content\"";
				DEVELOPMENT_TEAM = 3K22YJAJ77;
				ENABLE_PREVIEWS = YES;
				GENERATE_INFOPLIST_FILE = YES;
				INFOPLIST_KEY_LSApplicationCategoryType = "public.app-category.social-networking";
				INFOPLIST_KEY_UIApplicationSceneManifest_Generation = YES;
				INFOPLIST_KEY_UIApplicationSupportsIndirectInputEvents = YES;
				INFOPLIST_KEY_UILaunchScreen_Generation = YES;
				INFOPLIST_KEY_UISupportedInterfaceOrientations_iPad = "UIInterfaceOrientationPortrait UIInterfaceOrientationPortraitUpsideDown UIInterfaceOrientationLandscapeLeft UIInterfaceOrientationLandscapeRight";
				INFOPLIST_KEY_UISupportedInterfaceOrientations_iPhone = "UIInterfaceOrientationPortrait UIInterfaceOrientationLandscapeLeft UIInterfaceOrientationLandscapeRight";
				IPHONEOS_DEPLOYMENT_TARGET = 15.0;
				LD_RUNPATH_SEARCH_PATHS = (
					"$(inherited)",
					"@executable_path/Frameworks",
				);
				MARKETING_VERSION = 1.0;
				PRODUCT_BUNDLE_IDENTIFIER = "com.coryginsberg.Hacker-News";
				PRODUCT_NAME = "$(TARGET_NAME)";
				SWIFT_EMIT_LOC_STRINGS = YES;
				SWIFT_VERSION = 5.0;
				TARGETED_DEVICE_FAMILY = "1,2";
			};
			name = Debug;
		};
		EE05F67028E789CD00E03740 /* Release */ = {
			isa = XCBuildConfiguration;
			buildSettings = {
				ASSETCATALOG_COMPILER_APPICON_NAME = AppIcon;
				ASSETCATALOG_COMPILER_GLOBAL_ACCENT_COLOR_NAME = AccentColor;
				CODE_SIGN_STYLE = Automatic;
				CURRENT_PROJECT_VERSION = 1;
				DEVELOPMENT_ASSET_PATHS = "\"Hacker News/Preview Content\"";
				DEVELOPMENT_TEAM = 3K22YJAJ77;
				ENABLE_PREVIEWS = YES;
				GENERATE_INFOPLIST_FILE = YES;
				INFOPLIST_KEY_LSApplicationCategoryType = "public.app-category.social-networking";
				INFOPLIST_KEY_UIApplicationSceneManifest_Generation = YES;
				INFOPLIST_KEY_UIApplicationSupportsIndirectInputEvents = YES;
				INFOPLIST_KEY_UILaunchScreen_Generation = YES;
				INFOPLIST_KEY_UISupportedInterfaceOrientations_iPad = "UIInterfaceOrientationPortrait UIInterfaceOrientationPortraitUpsideDown UIInterfaceOrientationLandscapeLeft UIInterfaceOrientationLandscapeRight";
				INFOPLIST_KEY_UISupportedInterfaceOrientations_iPhone = "UIInterfaceOrientationPortrait UIInterfaceOrientationLandscapeLeft UIInterfaceOrientationLandscapeRight";
				IPHONEOS_DEPLOYMENT_TARGET = 15.0;
				LD_RUNPATH_SEARCH_PATHS = (
					"$(inherited)",
					"@executable_path/Frameworks",
				);
				MARKETING_VERSION = 1.0;
				PRODUCT_BUNDLE_IDENTIFIER = "com.coryginsberg.Hacker-News";
				PRODUCT_NAME = "$(TARGET_NAME)";
				SWIFT_EMIT_LOC_STRINGS = YES;
				SWIFT_VERSION = 5.0;
				TARGETED_DEVICE_FAMILY = "1,2";
			};
			name = Release;
		};
		EE05F67228E789CD00E03740 /* Debug */ = {
			isa = XCBuildConfiguration;
			buildSettings = {
				ALWAYS_EMBED_SWIFT_STANDARD_LIBRARIES = YES;
				BUNDLE_LOADER = "$(TEST_HOST)";
				CLANG_ENABLE_MODULES = YES;
				CODE_SIGN_STYLE = Automatic;
				CURRENT_PROJECT_VERSION = 1;
				DEVELOPMENT_TEAM = 3K22YJAJ77;
				GENERATE_INFOPLIST_FILE = YES;
				IPHONEOS_DEPLOYMENT_TARGET = 15.0;
				LD_RUNPATH_SEARCH_PATHS = (
					"$(inherited)",
					"@executable_path/Frameworks",
					"@loader_path/Frameworks",
				);
				MARKETING_VERSION = 1.0;
				PRODUCT_BUNDLE_IDENTIFIER = "com.coryginsberg.Hacker-NewsTests";
				PRODUCT_NAME = "$(TARGET_NAME)";
				SWIFT_EMIT_LOC_STRINGS = NO;
				SWIFT_OBJC_BRIDGING_HEADER = "Hacker News/Hacker NewsTests-Bridging-Header.h";
				SWIFT_OPTIMIZATION_LEVEL = "-Onone";
				SWIFT_VERSION = 5.0;
				TARGETED_DEVICE_FAMILY = "1,2";
				TEST_HOST = "$(BUILT_PRODUCTS_DIR)/Hacker News.app/$(BUNDLE_EXECUTABLE_FOLDER_PATH)/Hacker News";
			};
			name = Debug;
		};
		EE05F67328E789CD00E03740 /* Release */ = {
			isa = XCBuildConfiguration;
			buildSettings = {
				ALWAYS_EMBED_SWIFT_STANDARD_LIBRARIES = YES;
				BUNDLE_LOADER = "$(TEST_HOST)";
				CLANG_ENABLE_MODULES = YES;
				CODE_SIGN_STYLE = Automatic;
				CURRENT_PROJECT_VERSION = 1;
				DEVELOPMENT_TEAM = 3K22YJAJ77;
				GENERATE_INFOPLIST_FILE = YES;
				IPHONEOS_DEPLOYMENT_TARGET = 15.0;
				LD_RUNPATH_SEARCH_PATHS = (
					"$(inherited)",
					"@executable_path/Frameworks",
					"@loader_path/Frameworks",
				);
				MARKETING_VERSION = 1.0;
				PRODUCT_BUNDLE_IDENTIFIER = "com.coryginsberg.Hacker-NewsTests";
				PRODUCT_NAME = "$(TARGET_NAME)";
				SWIFT_EMIT_LOC_STRINGS = NO;
				SWIFT_OBJC_BRIDGING_HEADER = "Hacker News/Hacker NewsTests-Bridging-Header.h";
				SWIFT_VERSION = 5.0;
				TARGETED_DEVICE_FAMILY = "1,2";
				TEST_HOST = "$(BUILT_PRODUCTS_DIR)/Hacker News.app/$(BUNDLE_EXECUTABLE_FOLDER_PATH)/Hacker News";
			};
			name = Release;
		};
		EE05F67528E789CD00E03740 /* Debug */ = {
			isa = XCBuildConfiguration;
			buildSettings = {
				ALWAYS_EMBED_SWIFT_STANDARD_LIBRARIES = YES;
				CLANG_ENABLE_MODULES = YES;
				CODE_SIGN_STYLE = Automatic;
				CURRENT_PROJECT_VERSION = 1;
				DEVELOPMENT_TEAM = 3K22YJAJ77;
				GENERATE_INFOPLIST_FILE = YES;
				IPHONEOS_DEPLOYMENT_TARGET = 15.0;
				LD_RUNPATH_SEARCH_PATHS = (
					"$(inherited)",
					"@executable_path/Frameworks",
					"@loader_path/Frameworks",
				);
				MARKETING_VERSION = 1.0;
				PRODUCT_BUNDLE_IDENTIFIER = "com.coryginsberg.Hacker-NewsUITests";
				PRODUCT_NAME = "$(TARGET_NAME)";
				SWIFT_EMIT_LOC_STRINGS = NO;
				SWIFT_OBJC_BRIDGING_HEADER = "Hacker News/Hacker NewsUITests-Bridging-Header.h";
				SWIFT_OPTIMIZATION_LEVEL = "-Onone";
				SWIFT_VERSION = 5.0;
				TARGETED_DEVICE_FAMILY = "1,2";
				TEST_TARGET_NAME = "Hacker News";
			};
			name = Debug;
		};
		EE05F67628E789CD00E03740 /* Release */ = {
			isa = XCBuildConfiguration;
			buildSettings = {
				ALWAYS_EMBED_SWIFT_STANDARD_LIBRARIES = YES;
				CLANG_ENABLE_MODULES = YES;
				CODE_SIGN_STYLE = Automatic;
				CURRENT_PROJECT_VERSION = 1;
				DEVELOPMENT_TEAM = 3K22YJAJ77;
				GENERATE_INFOPLIST_FILE = YES;
				IPHONEOS_DEPLOYMENT_TARGET = 15.0;
				LD_RUNPATH_SEARCH_PATHS = (
					"$(inherited)",
					"@executable_path/Frameworks",
					"@loader_path/Frameworks",
				);
				MARKETING_VERSION = 1.0;
				PRODUCT_BUNDLE_IDENTIFIER = "com.coryginsberg.Hacker-NewsUITests";
				PRODUCT_NAME = "$(TARGET_NAME)";
				SWIFT_EMIT_LOC_STRINGS = NO;
				SWIFT_OBJC_BRIDGING_HEADER = "Hacker News/Hacker NewsUITests-Bridging-Header.h";
				SWIFT_VERSION = 5.0;
				TARGETED_DEVICE_FAMILY = "1,2";
				TEST_TARGET_NAME = "Hacker News";
			};
			name = Release;
		};
/* End XCBuildConfiguration section */

/* Begin XCConfigurationList section */
		EE05F64028E789C500E03740 /* Build configuration list for PBXProject "Hacker News" */ = {
			isa = XCConfigurationList;
			buildConfigurations = (
				EE05F66C28E789CD00E03740 /* Debug */,
				EE05F66D28E789CD00E03740 /* Release */,
			);
			defaultConfigurationIsVisible = 0;
			defaultConfigurationName = Release;
		};
		EE05F66E28E789CD00E03740 /* Build configuration list for PBXNativeTarget "Hacker News" */ = {
			isa = XCConfigurationList;
			buildConfigurations = (
				EE05F66F28E789CD00E03740 /* Debug */,
				EE05F67028E789CD00E03740 /* Release */,
			);
			defaultConfigurationIsVisible = 0;
			defaultConfigurationName = Release;
		};
		EE05F67128E789CD00E03740 /* Build configuration list for PBXNativeTarget "Hacker NewsTests" */ = {
			isa = XCConfigurationList;
			buildConfigurations = (
				EE05F67228E789CD00E03740 /* Debug */,
				EE05F67328E789CD00E03740 /* Release */,
			);
			defaultConfigurationIsVisible = 0;
			defaultConfigurationName = Release;
		};
		EE05F67428E789CD00E03740 /* Build configuration list for PBXNativeTarget "Hacker NewsUITests" */ = {
			isa = XCConfigurationList;
			buildConfigurations = (
				EE05F67528E789CD00E03740 /* Debug */,
				EE05F67628E789CD00E03740 /* Release */,
			);
			defaultConfigurationIsVisible = 0;
			defaultConfigurationName = Release;
		};
/* End XCConfigurationList section */

/* Begin XCRemoteSwiftPackageReference section */
		EEF3D1ED28F0C1F800A28582 /* XCRemoteSwiftPackageReference "Alamofire" */ = {
			isa = XCRemoteSwiftPackageReference;
			repositoryURL = "https://github.com/Alamofire/Alamofire";
			requirement = {
				kind = upToNextMajorVersion;
				minimumVersion = 5.0.0;
			};
		};
		EEF3D1F528F0D29500A28582 /* XCRemoteSwiftPackageReference "firebase-ios-sdk" */ = {
			isa = XCRemoteSwiftPackageReference;
			repositoryURL = "https://github.com/firebase/firebase-ios-sdk.git";
			requirement = {
				kind = upToNextMajorVersion;
				minimumVersion = 9.0.0;
			};
		};
/* End XCRemoteSwiftPackageReference section */

/* Begin XCSwiftPackageProductDependency section */
		EEF3D1EE28F0C1F800A28582 /* Alamofire */ = {
			isa = XCSwiftPackageProductDependency;
			package = EEF3D1ED28F0C1F800A28582 /* XCRemoteSwiftPackageReference "Alamofire" */;
			productName = Alamofire;
		};
		EEF3D1F628F0D29500A28582 /* FirebaseDatabaseSwift */ = {
			isa = XCSwiftPackageProductDependency;
			package = EEF3D1F528F0D29500A28582 /* XCRemoteSwiftPackageReference "firebase-ios-sdk" */;
			productName = FirebaseDatabaseSwift;
		};
/* End XCSwiftPackageProductDependency section */
	};
	rootObject = EE05F63D28E789C500E03740 /* Project object */;
}
